// !$*UTF8*$!
{
	archiveVersion = 1;
	classes = {
	};
	objectVersion = 56;
	objects = {

/* Begin PBXBuildFile section */
		1A469AE22C74409A0065336D /* NavigationView.swift in Sources */ = {isa = PBXBuildFile; fileRef = 1A469AE02C74409A0065336D /* NavigationView.swift */; };
		1A469AE32C74409A0065336D /* ColorExtension.swift in Sources */ = {isa = PBXBuildFile; fileRef = 1A469AE12C74409A0065336D /* ColorExtension.swift */; };
		1A469AE62C7440BE0065336D /* NavigationViewModel.swift in Sources */ = {isa = PBXBuildFile; fileRef = 1A469AE52C7440BE0065336D /* NavigationViewModel.swift */; };
		1A469AE92C7440F40065336D /* CommunicationGameViewModel.swift in Sources */ = {isa = PBXBuildFile; fileRef = 1A469AE82C7440F40065336D /* CommunicationGameViewModel.swift */; };
		1A469AEB2C7441000065336D /* CommunicationGameView.swift in Sources */ = {isa = PBXBuildFile; fileRef = 1A469AEA2C7441000065336D /* CommunicationGameView.swift */; };
		1A469AEE2C7441390065336D /* ArrowModel.swift in Sources */ = {isa = PBXBuildFile; fileRef = 1A469AEC2C7441390065336D /* ArrowModel.swift */; };
		1A469AEF2C7441390065336D /* GaugeModel.swift in Sources */ = {isa = PBXBuildFile; fileRef = 1A469AED2C7441390065336D /* GaugeModel.swift */; };
		1A469AF12C7441AB0065336D /* GameOverViewModel.swift in Sources */ = {isa = PBXBuildFile; fileRef = 1A469AF02C7441AB0065336D /* GameOverViewModel.swift */; };
		1A469AF42C7441CC0065336D /* GameOverView.swift in Sources */ = {isa = PBXBuildFile; fileRef = 1A469AF32C7441CC0065336D /* GameOverView.swift */; };
		1A469AF62C7442700065336D /* EyeContactStageViewModel.swift in Sources */ = {isa = PBXBuildFile; fileRef = 1A469AF52C7442700065336D /* EyeContactStageViewModel.swift */; };
		1A469AF82C74428B0065336D /* EyeContactButtonModel.swift in Sources */ = {isa = PBXBuildFile; fileRef = 1A469AF72C74428B0065336D /* EyeContactButtonModel.swift */; };
		1A469AFA2C7442900065336D /* EyeModel.swift in Sources */ = {isa = PBXBuildFile; fileRef = 1A469AF92C7442900065336D /* EyeModel.swift */; };
		1A469B012C7443BB0065336D /* LightSensoryViewModel.swift in Sources */ = {isa = PBXBuildFile; fileRef = 1A469B002C7443BB0065336D /* LightSensoryViewModel.swift */; };
		1A469B092C7443DE0065336D /* LightSensoryView.swift in Sources */ = {isa = PBXBuildFile; fileRef = 1A469B052C7443DE0065336D /* LightSensoryView.swift */; };
		1A469B142C7445250065336D /* TimerComponent.swift in Sources */ = {isa = PBXBuildFile; fileRef = 1A469B132C7445250065336D /* TimerComponent.swift */; };
		1A469B1B2C74488E0065336D /* InformationView.swift in Sources */ = {isa = PBXBuildFile; fileRef = 1A469B192C74488E0065336D /* InformationView.swift */; };
		1A469B1C2C74488E0065336D /* InformationViewController.swift in Sources */ = {isa = PBXBuildFile; fileRef = 1A469B1A2C74488E0065336D /* InformationViewController.swift */; };
		1A469B272C744CDA0065336D /* KiwiHappy.json in Resources */ = {isa = PBXBuildFile; fileRef = 1A469B252C744CDA0065336D /* KiwiHappy.json */; };
		1A469B282C744CDA0065336D /* KiwiLight.json in Resources */ = {isa = PBXBuildFile; fileRef = 1A469B262C744CDA0065336D /* KiwiLight.json */; };
		1A469B592C745B830065336D /* SoundViewModel.swift in Sources */ = {isa = PBXBuildFile; fileRef = 1A469B582C745B830065336D /* SoundViewModel.swift */; };
		1A469B5B2C745C1E0065336D /* SoundModel.swift in Sources */ = {isa = PBXBuildFile; fileRef = 1A469B5A2C745C1E0065336D /* SoundModel.swift */; };
		1A469B5F2C745C410065336D /* SoundView.swift in Sources */ = {isa = PBXBuildFile; fileRef = 1A469B5D2C745C410065336D /* SoundView.swift */; };
		1A469B602C745C410065336D /* LottieView.swift in Sources */ = {isa = PBXBuildFile; fileRef = 1A469B5E2C745C410065336D /* LottieView.swift */; };
		1A469B682C745C5B0065336D /* Fruit4-2.json in Resources */ = {isa = PBXBuildFile; fileRef = 1A469B632C745C5B0065336D /* Fruit4-2.json */; };
		1A469B692C745C5B0065336D /* Kiwi.json in Resources */ = {isa = PBXBuildFile; fileRef = 1A469B642C745C5B0065336D /* Kiwi.json */; };
		1A469B6A2C745C5B0065336D /* Fruit1-2.json in Resources */ = {isa = PBXBuildFile; fileRef = 1A469B652C745C5B0065336D /* Fruit1-2.json */; };
		1A469B6B2C745C5B0065336D /* Fruit3-2.json in Resources */ = {isa = PBXBuildFile; fileRef = 1A469B662C745C5B0065336D /* Fruit3-2.json */; };
		1A469B6C2C745C5B0065336D /* Fruit2-2.json in Resources */ = {isa = PBXBuildFile; fileRef = 1A469B672C745C5B0065336D /* Fruit2-2.json */; };
		1A469B712C745C640065336D /* Fruit1.mp3 in Resources */ = {isa = PBXBuildFile; fileRef = 1A469B6D2C745C640065336D /* Fruit1.mp3 */; };
		1A469B722C745C640065336D /* Fruit4.mp3 in Resources */ = {isa = PBXBuildFile; fileRef = 1A469B6E2C745C640065336D /* Fruit4.mp3 */; };
		1A469B732C745C640065336D /* Fruit3.mp3 in Resources */ = {isa = PBXBuildFile; fileRef = 1A469B6F2C745C640065336D /* Fruit3.mp3 */; };
		1A469B742C745C640065336D /* Fruit2.mp3 in Resources */ = {isa = PBXBuildFile; fileRef = 1A469B702C745C640065336D /* Fruit2.mp3 */; };
		44138A332C6B4AEC005E5FAD /* TheSpecialKiwiApp.swift in Sources */ = {isa = PBXBuildFile; fileRef = 44138A322C6B4AEC005E5FAD /* TheSpecialKiwiApp.swift */; };
		44138A352C6B4AEC005E5FAD /* ContentView.swift in Sources */ = {isa = PBXBuildFile; fileRef = 44138A342C6B4AEC005E5FAD /* ContentView.swift */; };
		44138A372C6B4AEC005E5FAD /* Item.swift in Sources */ = {isa = PBXBuildFile; fileRef = 44138A362C6B4AEC005E5FAD /* Item.swift */; };
		44138A392C6B4AED005E5FAD /* Assets.xcassets in Resources */ = {isa = PBXBuildFile; fileRef = 44138A382C6B4AED005E5FAD /* Assets.xcassets */; };
		44138A3C2C6B4AED005E5FAD /* Preview Assets.xcassets in Resources */ = {isa = PBXBuildFile; fileRef = 44138A3B2C6B4AED005E5FAD /* Preview Assets.xcassets */; };
		44138A462C6B4AED005E5FAD /* TheSpecialKiwiTests.swift in Sources */ = {isa = PBXBuildFile; fileRef = 44138A452C6B4AED005E5FAD /* TheSpecialKiwiTests.swift */; };
		44138A502C6B4AED005E5FAD /* TheSpecialKiwiUITests.swift in Sources */ = {isa = PBXBuildFile; fileRef = 44138A4F2C6B4AED005E5FAD /* TheSpecialKiwiUITests.swift */; };
		44138A522C6B4AED005E5FAD /* TheSpecialKiwiUITestsLaunchTests.swift in Sources */ = {isa = PBXBuildFile; fileRef = 44138A512C6B4AED005E5FAD /* TheSpecialKiwiUITestsLaunchTests.swift */; };
		44138A652C6B4F92005E5FAD /* EyeContactStageView.swift in Sources */ = {isa = PBXBuildFile; fileRef = 44138A642C6B4F92005E5FAD /* EyeContactStageView.swift */; };
		44138A692C6B5024005E5FAD /* ButtonComponent.swift in Sources */ = {isa = PBXBuildFile; fileRef = 44138A682C6B5024005E5FAD /* ButtonComponent.swift */; };
		44138A6B2C6B5037005E5FAD /* PlayerModel.swift in Sources */ = {isa = PBXBuildFile; fileRef = 44138A6A2C6B5037005E5FAD /* PlayerModel.swift */; };
		44138A6D2C6B5269005E5FAD /* TimerHelper.swift in Sources */ = {isa = PBXBuildFile; fileRef = 44138A6C2C6B5269005E5FAD /* TimerHelper.swift */; };
		44138A6F2C6B5273005E5FAD /* StageManager.swift in Sources */ = {isa = PBXBuildFile; fileRef = 44138A6E2C6B5273005E5FAD /* StageManager.swift */; };
		EF3199122C7592EB004A81A5 /* SDWebImageLottieCoder in Frameworks */ = {isa = PBXBuildFile; productRef = EF3199112C7592EB004A81A5 /* SDWebImageLottieCoder */; };
		EF3199142C7592F7004A81A5 /* SDWebImageSwiftUI in Frameworks */ = {isa = PBXBuildFile; productRef = EF3199132C7592F7004A81A5 /* SDWebImageSwiftUI */; };
		EF3199162C759306004A81A5 /* Lottie in Frameworks */ = {isa = PBXBuildFile; productRef = EF3199152C759306004A81A5 /* Lottie */; };
/* End PBXBuildFile section */

/* Begin PBXContainerItemProxy section */
		44138A422C6B4AED005E5FAD /* PBXContainerItemProxy */ = {
			isa = PBXContainerItemProxy;
			containerPortal = 44138A272C6B4AEC005E5FAD /* Project object */;
			proxyType = 1;
			remoteGlobalIDString = 44138A2E2C6B4AEC005E5FAD;
			remoteInfo = TheSpecialKiwi;
		};
		44138A4C2C6B4AED005E5FAD /* PBXContainerItemProxy */ = {
			isa = PBXContainerItemProxy;
			containerPortal = 44138A272C6B4AEC005E5FAD /* Project object */;
			proxyType = 1;
			remoteGlobalIDString = 44138A2E2C6B4AEC005E5FAD;
			remoteInfo = TheSpecialKiwi;
		};
/* End PBXContainerItemProxy section */

/* Begin PBXFileReference section */
		1A469AE02C74409A0065336D /* NavigationView.swift */ = {isa = PBXFileReference; fileEncoding = 4; lastKnownFileType = sourcecode.swift; path = NavigationView.swift; sourceTree = "<group>"; };
		1A469AE12C74409A0065336D /* ColorExtension.swift */ = {isa = PBXFileReference; fileEncoding = 4; lastKnownFileType = sourcecode.swift; path = ColorExtension.swift; sourceTree = "<group>"; };
		1A469AE52C7440BE0065336D /* NavigationViewModel.swift */ = {isa = PBXFileReference; fileEncoding = 4; lastKnownFileType = sourcecode.swift; path = NavigationViewModel.swift; sourceTree = "<group>"; };
		1A469AE82C7440F40065336D /* CommunicationGameViewModel.swift */ = {isa = PBXFileReference; fileEncoding = 4; lastKnownFileType = sourcecode.swift; path = CommunicationGameViewModel.swift; sourceTree = "<group>"; };
		1A469AEA2C7441000065336D /* CommunicationGameView.swift */ = {isa = PBXFileReference; fileEncoding = 4; lastKnownFileType = sourcecode.swift; path = CommunicationGameView.swift; sourceTree = "<group>"; };
		1A469AEC2C7441390065336D /* ArrowModel.swift */ = {isa = PBXFileReference; fileEncoding = 4; lastKnownFileType = sourcecode.swift; path = ArrowModel.swift; sourceTree = "<group>"; };
		1A469AED2C7441390065336D /* GaugeModel.swift */ = {isa = PBXFileReference; fileEncoding = 4; lastKnownFileType = sourcecode.swift; path = GaugeModel.swift; sourceTree = "<group>"; };
		1A469AF02C7441AB0065336D /* GameOverViewModel.swift */ = {isa = PBXFileReference; fileEncoding = 4; lastKnownFileType = sourcecode.swift; path = GameOverViewModel.swift; sourceTree = "<group>"; };
		1A469AF32C7441CC0065336D /* GameOverView.swift */ = {isa = PBXFileReference; fileEncoding = 4; lastKnownFileType = sourcecode.swift; path = GameOverView.swift; sourceTree = "<group>"; };
		1A469AF52C7442700065336D /* EyeContactStageViewModel.swift */ = {isa = PBXFileReference; fileEncoding = 4; lastKnownFileType = sourcecode.swift; path = EyeContactStageViewModel.swift; sourceTree = "<group>"; };
		1A469AF72C74428B0065336D /* EyeContactButtonModel.swift */ = {isa = PBXFileReference; fileEncoding = 4; lastKnownFileType = sourcecode.swift; path = EyeContactButtonModel.swift; sourceTree = "<group>"; };
		1A469AF92C7442900065336D /* EyeModel.swift */ = {isa = PBXFileReference; fileEncoding = 4; lastKnownFileType = sourcecode.swift; path = EyeModel.swift; sourceTree = "<group>"; };
		1A469AFE2C74439F0065336D /* Sora-VariableFont_wght.ttf */ = {isa = PBXFileReference; lastKnownFileType = file; path = "Sora-VariableFont_wght.ttf"; sourceTree = "<group>"; };
		1A469AFF2C74439F0065336D /* Sora.ttf */ = {isa = PBXFileReference; lastKnownFileType = file; path = Sora.ttf; sourceTree = "<group>"; };
		1A469B002C7443BB0065336D /* LightSensoryViewModel.swift */ = {isa = PBXFileReference; fileEncoding = 4; lastKnownFileType = sourcecode.swift; path = LightSensoryViewModel.swift; sourceTree = "<group>"; };
		1A469B052C7443DE0065336D /* LightSensoryView.swift */ = {isa = PBXFileReference; fileEncoding = 4; lastKnownFileType = sourcecode.swift; path = LightSensoryView.swift; sourceTree = "<group>"; };
		1A469B132C7445250065336D /* TimerComponent.swift */ = {isa = PBXFileReference; fileEncoding = 4; lastKnownFileType = sourcecode.swift; path = TimerComponent.swift; sourceTree = "<group>"; };
		1A469B192C74488E0065336D /* InformationView.swift */ = {isa = PBXFileReference; fileEncoding = 4; lastKnownFileType = sourcecode.swift; path = InformationView.swift; sourceTree = "<group>"; };
		1A469B1A2C74488E0065336D /* InformationViewController.swift */ = {isa = PBXFileReference; fileEncoding = 4; lastKnownFileType = sourcecode.swift; path = InformationViewController.swift; sourceTree = "<group>"; };
		1A469B252C744CDA0065336D /* KiwiHappy.json */ = {isa = PBXFileReference; fileEncoding = 4; lastKnownFileType = text.json; path = KiwiHappy.json; sourceTree = "<group>"; };
		1A469B262C744CDA0065336D /* KiwiLight.json */ = {isa = PBXFileReference; fileEncoding = 4; lastKnownFileType = text.json; path = KiwiLight.json; sourceTree = "<group>"; };
		1A469B582C745B830065336D /* SoundViewModel.swift */ = {isa = PBXFileReference; fileEncoding = 4; lastKnownFileType = sourcecode.swift; path = SoundViewModel.swift; sourceTree = "<group>"; };
		1A469B5A2C745C1E0065336D /* SoundModel.swift */ = {isa = PBXFileReference; fileEncoding = 4; lastKnownFileType = sourcecode.swift; path = SoundModel.swift; sourceTree = "<group>"; };
		1A469B5D2C745C410065336D /* SoundView.swift */ = {isa = PBXFileReference; fileEncoding = 4; lastKnownFileType = sourcecode.swift; path = SoundView.swift; sourceTree = "<group>"; };
		1A469B5E2C745C410065336D /* LottieView.swift */ = {isa = PBXFileReference; fileEncoding = 4; lastKnownFileType = sourcecode.swift; path = LottieView.swift; sourceTree = "<group>"; };
		1A469B632C745C5B0065336D /* Fruit4-2.json */ = {isa = PBXFileReference; fileEncoding = 4; lastKnownFileType = text.json; path = "Fruit4-2.json"; sourceTree = "<group>"; };
		1A469B642C745C5B0065336D /* Kiwi.json */ = {isa = PBXFileReference; fileEncoding = 4; lastKnownFileType = text.json; path = Kiwi.json; sourceTree = "<group>"; };
		1A469B652C745C5B0065336D /* Fruit1-2.json */ = {isa = PBXFileReference; fileEncoding = 4; lastKnownFileType = text.json; path = "Fruit1-2.json"; sourceTree = "<group>"; };
		1A469B662C745C5B0065336D /* Fruit3-2.json */ = {isa = PBXFileReference; fileEncoding = 4; lastKnownFileType = text.json; path = "Fruit3-2.json"; sourceTree = "<group>"; };
		1A469B672C745C5B0065336D /* Fruit2-2.json */ = {isa = PBXFileReference; fileEncoding = 4; lastKnownFileType = text.json; path = "Fruit2-2.json"; sourceTree = "<group>"; };
		1A469B6D2C745C640065336D /* Fruit1.mp3 */ = {isa = PBXFileReference; lastKnownFileType = audio.mp3; path = Fruit1.mp3; sourceTree = "<group>"; };
		1A469B6E2C745C640065336D /* Fruit4.mp3 */ = {isa = PBXFileReference; lastKnownFileType = audio.mp3; path = Fruit4.mp3; sourceTree = "<group>"; };
		1A469B6F2C745C640065336D /* Fruit3.mp3 */ = {isa = PBXFileReference; lastKnownFileType = audio.mp3; path = Fruit3.mp3; sourceTree = "<group>"; };
		1A469B702C745C640065336D /* Fruit2.mp3 */ = {isa = PBXFileReference; lastKnownFileType = audio.mp3; path = Fruit2.mp3; sourceTree = "<group>"; };
		44138A2F2C6B4AEC005E5FAD /* TheSpecialKiwi.app */ = {isa = PBXFileReference; explicitFileType = wrapper.application; includeInIndex = 0; path = TheSpecialKiwi.app; sourceTree = BUILT_PRODUCTS_DIR; };
		44138A322C6B4AEC005E5FAD /* TheSpecialKiwiApp.swift */ = {isa = PBXFileReference; lastKnownFileType = sourcecode.swift; path = TheSpecialKiwiApp.swift; sourceTree = "<group>"; };
		44138A342C6B4AEC005E5FAD /* ContentView.swift */ = {isa = PBXFileReference; lastKnownFileType = sourcecode.swift; path = ContentView.swift; sourceTree = "<group>"; };
		44138A362C6B4AEC005E5FAD /* Item.swift */ = {isa = PBXFileReference; lastKnownFileType = sourcecode.swift; path = Item.swift; sourceTree = "<group>"; };
		44138A382C6B4AED005E5FAD /* Assets.xcassets */ = {isa = PBXFileReference; lastKnownFileType = folder.assetcatalog; path = Assets.xcassets; sourceTree = "<group>"; };
		44138A3B2C6B4AED005E5FAD /* Preview Assets.xcassets */ = {isa = PBXFileReference; lastKnownFileType = folder.assetcatalog; path = "Preview Assets.xcassets"; sourceTree = "<group>"; };
		44138A412C6B4AED005E5FAD /* TheSpecialKiwiTests.xctest */ = {isa = PBXFileReference; explicitFileType = wrapper.cfbundle; includeInIndex = 0; path = TheSpecialKiwiTests.xctest; sourceTree = BUILT_PRODUCTS_DIR; };
		44138A452C6B4AED005E5FAD /* TheSpecialKiwiTests.swift */ = {isa = PBXFileReference; lastKnownFileType = sourcecode.swift; path = TheSpecialKiwiTests.swift; sourceTree = "<group>"; };
		44138A4B2C6B4AED005E5FAD /* TheSpecialKiwiUITests.xctest */ = {isa = PBXFileReference; explicitFileType = wrapper.cfbundle; includeInIndex = 0; path = TheSpecialKiwiUITests.xctest; sourceTree = BUILT_PRODUCTS_DIR; };
		44138A4F2C6B4AED005E5FAD /* TheSpecialKiwiUITests.swift */ = {isa = PBXFileReference; lastKnownFileType = sourcecode.swift; path = TheSpecialKiwiUITests.swift; sourceTree = "<group>"; };
		44138A512C6B4AED005E5FAD /* TheSpecialKiwiUITestsLaunchTests.swift */ = {isa = PBXFileReference; lastKnownFileType = sourcecode.swift; path = TheSpecialKiwiUITestsLaunchTests.swift; sourceTree = "<group>"; };
		44138A642C6B4F92005E5FAD /* EyeContactStageView.swift */ = {isa = PBXFileReference; lastKnownFileType = sourcecode.swift; path = EyeContactStageView.swift; sourceTree = "<group>"; };
		44138A682C6B5024005E5FAD /* ButtonComponent.swift */ = {isa = PBXFileReference; lastKnownFileType = sourcecode.swift; path = ButtonComponent.swift; sourceTree = "<group>"; };
		44138A6A2C6B5037005E5FAD /* PlayerModel.swift */ = {isa = PBXFileReference; lastKnownFileType = sourcecode.swift; path = PlayerModel.swift; sourceTree = "<group>"; };
		44138A6C2C6B5269005E5FAD /* TimerHelper.swift */ = {isa = PBXFileReference; lastKnownFileType = sourcecode.swift; path = TimerHelper.swift; sourceTree = "<group>"; };
		44138A6E2C6B5273005E5FAD /* StageManager.swift */ = {isa = PBXFileReference; lastKnownFileType = sourcecode.swift; path = StageManager.swift; sourceTree = "<group>"; };
/* End PBXFileReference section */

/* Begin PBXFrameworksBuildPhase section */
		44138A2C2C6B4AEC005E5FAD /* Frameworks */ = {
			isa = PBXFrameworksBuildPhase;
			buildActionMask = 2147483647;
			files = (
				EF3199142C7592F7004A81A5 /* SDWebImageSwiftUI in Frameworks */,
				EF3199122C7592EB004A81A5 /* SDWebImageLottieCoder in Frameworks */,
				EF3199162C759306004A81A5 /* Lottie in Frameworks */,
			);
			runOnlyForDeploymentPostprocessing = 0;
		};
		44138A3E2C6B4AED005E5FAD /* Frameworks */ = {
			isa = PBXFrameworksBuildPhase;
			buildActionMask = 2147483647;
			files = (
			);
			runOnlyForDeploymentPostprocessing = 0;
		};
		44138A482C6B4AED005E5FAD /* Frameworks */ = {
			isa = PBXFrameworksBuildPhase;
			buildActionMask = 2147483647;
			files = (
			);
			runOnlyForDeploymentPostprocessing = 0;
		};
/* End PBXFrameworksBuildPhase section */

/* Begin PBXGroup section */
		1A469ADF2C74408A0065336D /* Main Menu */ = {
			isa = PBXGroup;
			children = (
				1A469AE12C74409A0065336D /* ColorExtension.swift */,
				1A469AE02C74409A0065336D /* NavigationView.swift */,
				1A469B192C74488E0065336D /* InformationView.swift */,
				1A469B1A2C74488E0065336D /* InformationViewController.swift */,
			);
			path = "Main Menu";
			sourceTree = "<group>";
		};
		1A469AE42C7440A60065336D /* ViewModels */ = {
			isa = PBXGroup;
			children = (
				1A469AE52C7440BE0065336D /* NavigationViewModel.swift */,
				1A469AE82C7440F40065336D /* CommunicationGameViewModel.swift */,
				1A469AF02C7441AB0065336D /* GameOverViewModel.swift */,
				1A469AF52C7442700065336D /* EyeContactStageViewModel.swift */,
				1A469B002C7443BB0065336D /* LightSensoryViewModel.swift */,
				1A469B582C745B830065336D /* SoundViewModel.swift */,
			);
			path = ViewModels;
			sourceTree = "<group>";
		};
		1A469AE72C7440E50065336D /* CommunicationStage */ = {
			isa = PBXGroup;
			children = (
				1A469AEA2C7441000065336D /* CommunicationGameView.swift */,
			);
			path = CommunicationStage;
			sourceTree = "<group>";
		};
		1A469AF22C7441B00065336D /* Game Over Screen */ = {
			isa = PBXGroup;
			children = (
				1A469AF32C7441CC0065336D /* GameOverView.swift */,
			);
			path = "Game Over Screen";
			sourceTree = "<group>";
		};
		1A469AFD2C74438E0065336D /* Font */ = {
			isa = PBXGroup;
			children = (
				1A469AFE2C74439F0065336D /* Sora-VariableFont_wght.ttf */,
				1A469AFF2C74439F0065336D /* Sora.ttf */,
			);
			path = Font;
			sourceTree = "<group>";
		};
		1A469B022C7443C50065336D /* LightSensoryStage */ = {
			isa = PBXGroup;
			children = (
				1A469B052C7443DE0065336D /* LightSensoryView.swift */,
				1A469B252C744CDA0065336D /* KiwiHappy.json */,
				1A469B262C744CDA0065336D /* KiwiLight.json */,
			);
			path = LightSensoryStage;
			sourceTree = "<group>";
		};
		1A469B5C2C745C310065336D /* SoundStage */ = {
			isa = PBXGroup;
			children = (
				1A469B622C745C4E0065336D /* SoundMusics */,
				1A469B612C745C460065336D /* SoundLottie */,
				1A469B5E2C745C410065336D /* LottieView.swift */,
				1A469B5D2C745C410065336D /* SoundView.swift */,
			);
			path = SoundStage;
			sourceTree = "<group>";
		};
		1A469B612C745C460065336D /* SoundLottie */ = {
			isa = PBXGroup;
			children = (
				1A469B652C745C5B0065336D /* Fruit1-2.json */,
				1A469B672C745C5B0065336D /* Fruit2-2.json */,
				1A469B662C745C5B0065336D /* Fruit3-2.json */,
				1A469B632C745C5B0065336D /* Fruit4-2.json */,
				1A469B642C745C5B0065336D /* Kiwi.json */,
			);
			path = SoundLottie;
			sourceTree = "<group>";
		};
		1A469B622C745C4E0065336D /* SoundMusics */ = {
			isa = PBXGroup;
			children = (
				1A469B6D2C745C640065336D /* Fruit1.mp3 */,
				1A469B702C745C640065336D /* Fruit2.mp3 */,
				1A469B6F2C745C640065336D /* Fruit3.mp3 */,
				1A469B6E2C745C640065336D /* Fruit4.mp3 */,
			);
			path = SoundMusics;
			sourceTree = "<group>";
		};
		44138A262C6B4AEC005E5FAD = {
			isa = PBXGroup;
			children = (
				44138A312C6B4AEC005E5FAD /* TheSpecialKiwi */,
				44138A442C6B4AED005E5FAD /* TheSpecialKiwiTests */,
				44138A4E2C6B4AED005E5FAD /* TheSpecialKiwiUITests */,
				44138A302C6B4AEC005E5FAD /* Products */,
			);
			sourceTree = "<group>";
		};
		44138A302C6B4AEC005E5FAD /* Products */ = {
			isa = PBXGroup;
			children = (
				44138A2F2C6B4AEC005E5FAD /* TheSpecialKiwi.app */,
				44138A412C6B4AED005E5FAD /* TheSpecialKiwiTests.xctest */,
				44138A4B2C6B4AED005E5FAD /* TheSpecialKiwiUITests.xctest */,
			);
			name = Products;
			sourceTree = "<group>";
		};
		44138A312C6B4AEC005E5FAD /* TheSpecialKiwi */ = {
			isa = PBXGroup;
			children = (
				1A469AFD2C74438E0065336D /* Font */,
				1A469AE42C7440A60065336D /* ViewModels */,
				44138A612C6B4E71005E5FAD /* Scenes */,
				44138A5F2C6B4E43005E5FAD /* Models */,
				44138A342C6B4AEC005E5FAD /* ContentView.swift */,
				44138A362C6B4AEC005E5FAD /* Item.swift */,
				44138A322C6B4AEC005E5FAD /* TheSpecialKiwiApp.swift */,
				44138A382C6B4AED005E5FAD /* Assets.xcassets */,
				44138A662C6B4FA7005E5FAD /* Helpers */,
				44138A672C6B4FAF005E5FAD /* Managers */,
				44138A3A2C6B4AED005E5FAD /* Preview Content */,
			);
			path = TheSpecialKiwi;
			sourceTree = "<group>";
		};
		44138A3A2C6B4AED005E5FAD /* Preview Content */ = {
			isa = PBXGroup;
			children = (
				44138A3B2C6B4AED005E5FAD /* Preview Assets.xcassets */,
			);
			path = "Preview Content";
			sourceTree = "<group>";
		};
		44138A442C6B4AED005E5FAD /* TheSpecialKiwiTests */ = {
			isa = PBXGroup;
			children = (
				44138A452C6B4AED005E5FAD /* TheSpecialKiwiTests.swift */,
			);
			path = TheSpecialKiwiTests;
			sourceTree = "<group>";
		};
		44138A4E2C6B4AED005E5FAD /* TheSpecialKiwiUITests */ = {
			isa = PBXGroup;
			children = (
				44138A4F2C6B4AED005E5FAD /* TheSpecialKiwiUITests.swift */,
				44138A512C6B4AED005E5FAD /* TheSpecialKiwiUITestsLaunchTests.swift */,
			);
			path = TheSpecialKiwiUITests;
			sourceTree = "<group>";
		};
		44138A5F2C6B4E43005E5FAD /* Models */ = {
			isa = PBXGroup;
			children = (
				1A469B5A2C745C1E0065336D /* SoundModel.swift */,
				1A469AF72C74428B0065336D /* EyeContactButtonModel.swift */,
				1A469AEC2C7441390065336D /* ArrowModel.swift */,
				1A469AED2C7441390065336D /* GaugeModel.swift */,
				44138A6A2C6B5037005E5FAD /* PlayerModel.swift */,
				1A469AF92C7442900065336D /* EyeModel.swift */,
			);
			path = Models;
			sourceTree = "<group>";
		};
		44138A612C6B4E71005E5FAD /* Scenes */ = {
			isa = PBXGroup;
			children = (
				1A469B5C2C745C310065336D /* SoundStage */,
				1A469B022C7443C50065336D /* LightSensoryStage */,
				1A469AF22C7441B00065336D /* Game Over Screen */,
				1A469AE72C7440E50065336D /* CommunicationStage */,
				1A469ADF2C74408A0065336D /* Main Menu */,
				44138A632C6B4E9B005E5FAD /* EyeContactStage */,
				44138A622C6B4E8F005E5FAD /* Components */,
			);
			path = Scenes;
			sourceTree = "<group>";
		};
		44138A622C6B4E8F005E5FAD /* Components */ = {
			isa = PBXGroup;
			children = (
				44138A682C6B5024005E5FAD /* ButtonComponent.swift */,
				1A469B132C7445250065336D /* TimerComponent.swift */,
			);
			path = Components;
			sourceTree = "<group>";
		};
		44138A632C6B4E9B005E5FAD /* EyeContactStage */ = {
			isa = PBXGroup;
			children = (
				44138A642C6B4F92005E5FAD /* EyeContactStageView.swift */,
			);
			path = EyeContactStage;
			sourceTree = "<group>";
		};
		44138A662C6B4FA7005E5FAD /* Helpers */ = {
			isa = PBXGroup;
			children = (
				44138A6C2C6B5269005E5FAD /* TimerHelper.swift */,
			);
			path = Helpers;
			sourceTree = "<group>";
		};
		44138A672C6B4FAF005E5FAD /* Managers */ = {
			isa = PBXGroup;
			children = (
				44138A6E2C6B5273005E5FAD /* StageManager.swift */,
			);
			path = Managers;
			sourceTree = "<group>";
		};
/* End PBXGroup section */

/* Begin PBXNativeTarget section */
		44138A2E2C6B4AEC005E5FAD /* TheSpecialKiwi */ = {
			isa = PBXNativeTarget;
			buildConfigurationList = 44138A552C6B4AED005E5FAD /* Build configuration list for PBXNativeTarget "TheSpecialKiwi" */;
			buildPhases = (
				44138A2B2C6B4AEC005E5FAD /* Sources */,
				44138A2C2C6B4AEC005E5FAD /* Frameworks */,
				44138A2D2C6B4AEC005E5FAD /* Resources */,
			);
			buildRules = (
			);
			dependencies = (
			);
			name = TheSpecialKiwi;
			packageProductDependencies = (
				EF3199112C7592EB004A81A5 /* SDWebImageLottieCoder */,
				EF3199132C7592F7004A81A5 /* SDWebImageSwiftUI */,
				EF3199152C759306004A81A5 /* Lottie */,
			);
			productName = TheSpecialKiwi;
			productReference = 44138A2F2C6B4AEC005E5FAD /* TheSpecialKiwi.app */;
			productType = "com.apple.product-type.application";
		};
		44138A402C6B4AED005E5FAD /* TheSpecialKiwiTests */ = {
			isa = PBXNativeTarget;
			buildConfigurationList = 44138A582C6B4AED005E5FAD /* Build configuration list for PBXNativeTarget "TheSpecialKiwiTests" */;
			buildPhases = (
				44138A3D2C6B4AED005E5FAD /* Sources */,
				44138A3E2C6B4AED005E5FAD /* Frameworks */,
				44138A3F2C6B4AED005E5FAD /* Resources */,
			);
			buildRules = (
			);
			dependencies = (
				44138A432C6B4AED005E5FAD /* PBXTargetDependency */,
			);
			name = TheSpecialKiwiTests;
			productName = TheSpecialKiwiTests;
			productReference = 44138A412C6B4AED005E5FAD /* TheSpecialKiwiTests.xctest */;
			productType = "com.apple.product-type.bundle.unit-test";
		};
		44138A4A2C6B4AED005E5FAD /* TheSpecialKiwiUITests */ = {
			isa = PBXNativeTarget;
			buildConfigurationList = 44138A5B2C6B4AED005E5FAD /* Build configuration list for PBXNativeTarget "TheSpecialKiwiUITests" */;
			buildPhases = (
				44138A472C6B4AED005E5FAD /* Sources */,
				44138A482C6B4AED005E5FAD /* Frameworks */,
				44138A492C6B4AED005E5FAD /* Resources */,
			);
			buildRules = (
			);
			dependencies = (
				44138A4D2C6B4AED005E5FAD /* PBXTargetDependency */,
			);
			name = TheSpecialKiwiUITests;
			productName = TheSpecialKiwiUITests;
			productReference = 44138A4B2C6B4AED005E5FAD /* TheSpecialKiwiUITests.xctest */;
			productType = "com.apple.product-type.bundle.ui-testing";
		};
/* End PBXNativeTarget section */

/* Begin PBXProject section */
		44138A272C6B4AEC005E5FAD /* Project object */ = {
			isa = PBXProject;
			attributes = {
				BuildIndependentTargetsInParallel = 1;
				LastSwiftUpdateCheck = 1530;
				LastUpgradeCheck = 1530;
				TargetAttributes = {
					44138A2E2C6B4AEC005E5FAD = {
						CreatedOnToolsVersion = 15.3;
					};
					44138A402C6B4AED005E5FAD = {
						CreatedOnToolsVersion = 15.3;
						TestTargetID = 44138A2E2C6B4AEC005E5FAD;
					};
					44138A4A2C6B4AED005E5FAD = {
						CreatedOnToolsVersion = 15.3;
						TestTargetID = 44138A2E2C6B4AEC005E5FAD;
					};
				};
			};
			buildConfigurationList = 44138A2A2C6B4AEC005E5FAD /* Build configuration list for PBXProject "TheSpecialKiwi" */;
			compatibilityVersion = "Xcode 14.0";
			developmentRegion = en;
			hasScannedForEncodings = 0;
			knownRegions = (
				en,
				Base,
			);
			mainGroup = 44138A262C6B4AEC005E5FAD;
			packageReferences = (
				1A469B0B2C74440A0065336D /* XCRemoteSwiftPackageReference "SDWebImageLottieCoder" */,
				1A469B102C7444D00065336D /* XCRemoteSwiftPackageReference "SDWebImageSwiftUI" */,
				1A469B752C745EB30065336D /* XCRemoteSwiftPackageReference "lottie-ios" */,
			);
			productRefGroup = 44138A302C6B4AEC005E5FAD /* Products */;
			projectDirPath = "";
			projectRoot = "";
			targets = (
				44138A2E2C6B4AEC005E5FAD /* TheSpecialKiwi */,
				44138A402C6B4AED005E5FAD /* TheSpecialKiwiTests */,
				44138A4A2C6B4AED005E5FAD /* TheSpecialKiwiUITests */,
			);
		};
/* End PBXProject section */

/* Begin PBXResourcesBuildPhase section */
		44138A2D2C6B4AEC005E5FAD /* Resources */ = {
			isa = PBXResourcesBuildPhase;
			buildActionMask = 2147483647;
			files = (
				1A469B6C2C745C5B0065336D /* Fruit2-2.json in Resources */,
				1A469B732C745C640065336D /* Fruit3.mp3 in Resources */,
				44138A3C2C6B4AED005E5FAD /* Preview Assets.xcassets in Resources */,
				1A469B6B2C745C5B0065336D /* Fruit3-2.json in Resources */,
				1A469B712C745C640065336D /* Fruit1.mp3 in Resources */,
				1A469B6A2C745C5B0065336D /* Fruit1-2.json in Resources */,
				1A469B742C745C640065336D /* Fruit2.mp3 in Resources */,
				1A469B272C744CDA0065336D /* KiwiHappy.json in Resources */,
				1A469B282C744CDA0065336D /* KiwiLight.json in Resources */,
				1A469B682C745C5B0065336D /* Fruit4-2.json in Resources */,
				1A469B722C745C640065336D /* Fruit4.mp3 in Resources */,
				44138A392C6B4AED005E5FAD /* Assets.xcassets in Resources */,
				1A469B692C745C5B0065336D /* Kiwi.json in Resources */,
			);
			runOnlyForDeploymentPostprocessing = 0;
		};
		44138A3F2C6B4AED005E5FAD /* Resources */ = {
			isa = PBXResourcesBuildPhase;
			buildActionMask = 2147483647;
			files = (
			);
			runOnlyForDeploymentPostprocessing = 0;
		};
		44138A492C6B4AED005E5FAD /* Resources */ = {
			isa = PBXResourcesBuildPhase;
			buildActionMask = 2147483647;
			files = (
			);
			runOnlyForDeploymentPostprocessing = 0;
		};
/* End PBXResourcesBuildPhase section */

/* Begin PBXSourcesBuildPhase section */
		44138A2B2C6B4AEC005E5FAD /* Sources */ = {
			isa = PBXSourcesBuildPhase;
			buildActionMask = 2147483647;
			files = (
				1A469B602C745C410065336D /* LottieView.swift in Sources */,
				1A469B5B2C745C1E0065336D /* SoundModel.swift in Sources */,
				44138A6B2C6B5037005E5FAD /* PlayerModel.swift in Sources */,
				1A469AE22C74409A0065336D /* NavigationView.swift in Sources */,
				44138A352C6B4AEC005E5FAD /* ContentView.swift in Sources */,
				1A469B092C7443DE0065336D /* LightSensoryView.swift in Sources */,
				1A469B012C7443BB0065336D /* LightSensoryViewModel.swift in Sources */,
				1A469AE62C7440BE0065336D /* NavigationViewModel.swift in Sources */,
				1A469AF12C7441AB0065336D /* GameOverViewModel.swift in Sources */,
				1A469AF42C7441CC0065336D /* GameOverView.swift in Sources */,
				44138A692C6B5024005E5FAD /* ButtonComponent.swift in Sources */,
				1A469B5F2C745C410065336D /* SoundView.swift in Sources */,
				1A469B1B2C74488E0065336D /* InformationView.swift in Sources */,
				44138A372C6B4AEC005E5FAD /* Item.swift in Sources */,
				1A469AF62C7442700065336D /* EyeContactStageViewModel.swift in Sources */,
				1A469AFA2C7442900065336D /* EyeModel.swift in Sources */,
				1A469AF82C74428B0065336D /* EyeContactButtonModel.swift in Sources */,
				1A469AE92C7440F40065336D /* CommunicationGameViewModel.swift in Sources */,
				1A469AEE2C7441390065336D /* ArrowModel.swift in Sources */,
				1A469AEB2C7441000065336D /* CommunicationGameView.swift in Sources */,
				44138A6F2C6B5273005E5FAD /* StageManager.swift in Sources */,
				44138A6D2C6B5269005E5FAD /* TimerHelper.swift in Sources */,
				1A469B1C2C74488E0065336D /* InformationViewController.swift in Sources */,
				1A469B592C745B830065336D /* SoundViewModel.swift in Sources */,
				44138A652C6B4F92005E5FAD /* EyeContactStageView.swift in Sources */,
				44138A332C6B4AEC005E5FAD /* TheSpecialKiwiApp.swift in Sources */,
				1A469AEF2C7441390065336D /* GaugeModel.swift in Sources */,
				1A469B142C7445250065336D /* TimerComponent.swift in Sources */,
				1A469AE32C74409A0065336D /* ColorExtension.swift in Sources */,
			);
			runOnlyForDeploymentPostprocessing = 0;
		};
		44138A3D2C6B4AED005E5FAD /* Sources */ = {
			isa = PBXSourcesBuildPhase;
			buildActionMask = 2147483647;
			files = (
				44138A462C6B4AED005E5FAD /* TheSpecialKiwiTests.swift in Sources */,
			);
			runOnlyForDeploymentPostprocessing = 0;
		};
		44138A472C6B4AED005E5FAD /* Sources */ = {
			isa = PBXSourcesBuildPhase;
			buildActionMask = 2147483647;
			files = (
				44138A522C6B4AED005E5FAD /* TheSpecialKiwiUITestsLaunchTests.swift in Sources */,
				44138A502C6B4AED005E5FAD /* TheSpecialKiwiUITests.swift in Sources */,
			);
			runOnlyForDeploymentPostprocessing = 0;
		};
/* End PBXSourcesBuildPhase section */

/* Begin PBXTargetDependency section */
		44138A432C6B4AED005E5FAD /* PBXTargetDependency */ = {
			isa = PBXTargetDependency;
			target = 44138A2E2C6B4AEC005E5FAD /* TheSpecialKiwi */;
			targetProxy = 44138A422C6B4AED005E5FAD /* PBXContainerItemProxy */;
		};
		44138A4D2C6B4AED005E5FAD /* PBXTargetDependency */ = {
			isa = PBXTargetDependency;
			target = 44138A2E2C6B4AEC005E5FAD /* TheSpecialKiwi */;
			targetProxy = 44138A4C2C6B4AED005E5FAD /* PBXContainerItemProxy */;
		};
/* End PBXTargetDependency section */

/* Begin XCBuildConfiguration section */
		44138A532C6B4AED005E5FAD /* Debug */ = {
			isa = XCBuildConfiguration;
			buildSettings = {
				ALWAYS_SEARCH_USER_PATHS = NO;
				ASSETCATALOG_COMPILER_GENERATE_SWIFT_ASSET_SYMBOL_EXTENSIONS = YES;
				CLANG_ANALYZER_NONNULL = YES;
				CLANG_ANALYZER_NUMBER_OBJECT_CONVERSION = YES_AGGRESSIVE;
				CLANG_CXX_LANGUAGE_STANDARD = "gnu++20";
				CLANG_ENABLE_MODULES = YES;
				CLANG_ENABLE_OBJC_ARC = YES;
				CLANG_ENABLE_OBJC_WEAK = YES;
				CLANG_WARN_BLOCK_CAPTURE_AUTORELEASING = YES;
				CLANG_WARN_BOOL_CONVERSION = YES;
				CLANG_WARN_COMMA = YES;
				CLANG_WARN_CONSTANT_CONVERSION = YES;
				CLANG_WARN_DEPRECATED_OBJC_IMPLEMENTATIONS = YES;
				CLANG_WARN_DIRECT_OBJC_ISA_USAGE = YES_ERROR;
				CLANG_WARN_DOCUMENTATION_COMMENTS = YES;
				CLANG_WARN_EMPTY_BODY = YES;
				CLANG_WARN_ENUM_CONVERSION = YES;
				CLANG_WARN_INFINITE_RECURSION = YES;
				CLANG_WARN_INT_CONVERSION = YES;
				CLANG_WARN_NON_LITERAL_NULL_CONVERSION = YES;
				CLANG_WARN_OBJC_IMPLICIT_RETAIN_SELF = YES;
				CLANG_WARN_OBJC_LITERAL_CONVERSION = YES;
				CLANG_WARN_OBJC_ROOT_CLASS = YES_ERROR;
				CLANG_WARN_QUOTED_INCLUDE_IN_FRAMEWORK_HEADER = YES;
				CLANG_WARN_RANGE_LOOP_ANALYSIS = YES;
				CLANG_WARN_STRICT_PROTOTYPES = YES;
				CLANG_WARN_SUSPICIOUS_MOVE = YES;
				CLANG_WARN_UNGUARDED_AVAILABILITY = YES_AGGRESSIVE;
				CLANG_WARN_UNREACHABLE_CODE = YES;
				CLANG_WARN__DUPLICATE_METHOD_MATCH = YES;
				COPY_PHASE_STRIP = NO;
				DEBUG_INFORMATION_FORMAT = dwarf;
				ENABLE_STRICT_OBJC_MSGSEND = YES;
				ENABLE_TESTABILITY = YES;
				ENABLE_USER_SCRIPT_SANDBOXING = YES;
				GCC_C_LANGUAGE_STANDARD = gnu17;
				GCC_DYNAMIC_NO_PIC = NO;
				GCC_NO_COMMON_BLOCKS = YES;
				GCC_OPTIMIZATION_LEVEL = 0;
				GCC_PREPROCESSOR_DEFINITIONS = (
					"DEBUG=1",
					"$(inherited)",
				);
				GCC_WARN_64_TO_32_BIT_CONVERSION = YES;
				GCC_WARN_ABOUT_RETURN_TYPE = YES_ERROR;
				GCC_WARN_UNDECLARED_SELECTOR = YES;
				GCC_WARN_UNINITIALIZED_AUTOS = YES_AGGRESSIVE;
				GCC_WARN_UNUSED_FUNCTION = YES;
				GCC_WARN_UNUSED_VARIABLE = YES;
				IPHONEOS_DEPLOYMENT_TARGET = 17.4;
				LOCALIZATION_PREFERS_STRING_CATALOGS = YES;
				MTL_ENABLE_DEBUG_INFO = INCLUDE_SOURCE;
				MTL_FAST_MATH = YES;
				ONLY_ACTIVE_ARCH = YES;
				SDKROOT = iphoneos;
				SWIFT_ACTIVE_COMPILATION_CONDITIONS = "DEBUG $(inherited)";
				SWIFT_OPTIMIZATION_LEVEL = "-Onone";
			};
			name = Debug;
		};
		44138A542C6B4AED005E5FAD /* Release */ = {
			isa = XCBuildConfiguration;
			buildSettings = {
				ALWAYS_SEARCH_USER_PATHS = NO;
				ASSETCATALOG_COMPILER_GENERATE_SWIFT_ASSET_SYMBOL_EXTENSIONS = YES;
				CLANG_ANALYZER_NONNULL = YES;
				CLANG_ANALYZER_NUMBER_OBJECT_CONVERSION = YES_AGGRESSIVE;
				CLANG_CXX_LANGUAGE_STANDARD = "gnu++20";
				CLANG_ENABLE_MODULES = YES;
				CLANG_ENABLE_OBJC_ARC = YES;
				CLANG_ENABLE_OBJC_WEAK = YES;
				CLANG_WARN_BLOCK_CAPTURE_AUTORELEASING = YES;
				CLANG_WARN_BOOL_CONVERSION = YES;
				CLANG_WARN_COMMA = YES;
				CLANG_WARN_CONSTANT_CONVERSION = YES;
				CLANG_WARN_DEPRECATED_OBJC_IMPLEMENTATIONS = YES;
				CLANG_WARN_DIRECT_OBJC_ISA_USAGE = YES_ERROR;
				CLANG_WARN_DOCUMENTATION_COMMENTS = YES;
				CLANG_WARN_EMPTY_BODY = YES;
				CLANG_WARN_ENUM_CONVERSION = YES;
				CLANG_WARN_INFINITE_RECURSION = YES;
				CLANG_WARN_INT_CONVERSION = YES;
				CLANG_WARN_NON_LITERAL_NULL_CONVERSION = YES;
				CLANG_WARN_OBJC_IMPLICIT_RETAIN_SELF = YES;
				CLANG_WARN_OBJC_LITERAL_CONVERSION = YES;
				CLANG_WARN_OBJC_ROOT_CLASS = YES_ERROR;
				CLANG_WARN_QUOTED_INCLUDE_IN_FRAMEWORK_HEADER = YES;
				CLANG_WARN_RANGE_LOOP_ANALYSIS = YES;
				CLANG_WARN_STRICT_PROTOTYPES = YES;
				CLANG_WARN_SUSPICIOUS_MOVE = YES;
				CLANG_WARN_UNGUARDED_AVAILABILITY = YES_AGGRESSIVE;
				CLANG_WARN_UNREACHABLE_CODE = YES;
				CLANG_WARN__DUPLICATE_METHOD_MATCH = YES;
				COPY_PHASE_STRIP = NO;
				DEBUG_INFORMATION_FORMAT = "dwarf-with-dsym";
				ENABLE_NS_ASSERTIONS = NO;
				ENABLE_STRICT_OBJC_MSGSEND = YES;
				ENABLE_USER_SCRIPT_SANDBOXING = YES;
				GCC_C_LANGUAGE_STANDARD = gnu17;
				GCC_NO_COMMON_BLOCKS = YES;
				GCC_WARN_64_TO_32_BIT_CONVERSION = YES;
				GCC_WARN_ABOUT_RETURN_TYPE = YES_ERROR;
				GCC_WARN_UNDECLARED_SELECTOR = YES;
				GCC_WARN_UNINITIALIZED_AUTOS = YES_AGGRESSIVE;
				GCC_WARN_UNUSED_FUNCTION = YES;
				GCC_WARN_UNUSED_VARIABLE = YES;
				IPHONEOS_DEPLOYMENT_TARGET = 17.4;
				LOCALIZATION_PREFERS_STRING_CATALOGS = YES;
				MTL_ENABLE_DEBUG_INFO = NO;
				MTL_FAST_MATH = YES;
				SDKROOT = iphoneos;
				SWIFT_COMPILATION_MODE = wholemodule;
				VALIDATE_PRODUCT = YES;
			};
			name = Release;
		};
		44138A562C6B4AED005E5FAD /* Debug */ = {
			isa = XCBuildConfiguration;
			buildSettings = {
				ASSETCATALOG_COMPILER_APPICON_NAME = AppIcon;
				ASSETCATALOG_COMPILER_GLOBAL_ACCENT_COLOR_NAME = AccentColor;
				CODE_SIGN_STYLE = Automatic;
				CURRENT_PROJECT_VERSION = 1;
				DEVELOPMENT_ASSET_PATHS = "\"TheSpecialKiwi/Preview Content\"";
				DEVELOPMENT_TEAM = 9HR48NXTG8;
				ENABLE_PREVIEWS = YES;
				GENERATE_INFOPLIST_FILE = YES;
				INFOPLIST_KEY_UIApplicationSceneManifest_Generation = YES;
				INFOPLIST_KEY_UIApplicationSupportsIndirectInputEvents = YES;
				INFOPLIST_KEY_UILaunchScreen_Generation = YES;
				INFOPLIST_KEY_UISupportedInterfaceOrientations = "UIInterfaceOrientationLandscapeLeft UIInterfaceOrientationLandscapeRight";
				LD_RUNPATH_SEARCH_PATHS = (
					"$(inherited)",
					"@executable_path/Frameworks",
				);
				MARKETING_VERSION = 1.0;
				PRODUCT_BUNDLE_IDENTIFIER = id.timluarbiasa.TheSpecialKiwi;
				PRODUCT_NAME = "$(TARGET_NAME)";
				SWIFT_EMIT_LOC_STRINGS = YES;
				SWIFT_VERSION = 5.0;
				TARGETED_DEVICE_FAMILY = "1,2";
			};
			name = Debug;
		};
		44138A572C6B4AED005E5FAD /* Release */ = {
			isa = XCBuildConfiguration;
			buildSettings = {
				ASSETCATALOG_COMPILER_APPICON_NAME = AppIcon;
				ASSETCATALOG_COMPILER_GLOBAL_ACCENT_COLOR_NAME = AccentColor;
				CODE_SIGN_STYLE = Automatic;
				CURRENT_PROJECT_VERSION = 1;
				DEVELOPMENT_ASSET_PATHS = "\"TheSpecialKiwi/Preview Content\"";
				DEVELOPMENT_TEAM = 9HR48NXTG8;
				ENABLE_PREVIEWS = YES;
				GENERATE_INFOPLIST_FILE = YES;
				INFOPLIST_KEY_UIApplicationSceneManifest_Generation = YES;
				INFOPLIST_KEY_UIApplicationSupportsIndirectInputEvents = YES;
				INFOPLIST_KEY_UILaunchScreen_Generation = YES;
				INFOPLIST_KEY_UISupportedInterfaceOrientations = "UIInterfaceOrientationLandscapeLeft UIInterfaceOrientationLandscapeRight";
				LD_RUNPATH_SEARCH_PATHS = (
					"$(inherited)",
					"@executable_path/Frameworks",
				);
				MARKETING_VERSION = 1.0;
				PRODUCT_BUNDLE_IDENTIFIER = id.timluarbiasa.TheSpecialKiwi;
				PRODUCT_NAME = "$(TARGET_NAME)";
				SWIFT_EMIT_LOC_STRINGS = YES;
				SWIFT_VERSION = 5.0;
				TARGETED_DEVICE_FAMILY = "1,2";
			};
			name = Release;
		};
		44138A592C6B4AED005E5FAD /* Debug */ = {
			isa = XCBuildConfiguration;
			buildSettings = {
				ALWAYS_EMBED_SWIFT_STANDARD_LIBRARIES = YES;
				BUNDLE_LOADER = "$(TEST_HOST)";
				CODE_SIGN_STYLE = Automatic;
				CURRENT_PROJECT_VERSION = 1;
				DEVELOPMENT_TEAM = 87N548UZ24;
				GENERATE_INFOPLIST_FILE = YES;
				IPHONEOS_DEPLOYMENT_TARGET = 17.4;
				MARKETING_VERSION = 1.0;
				PRODUCT_BUNDLE_IDENTIFIER = id.timluarbiasa.TheSpecialKiwiTests;
				PRODUCT_NAME = "$(TARGET_NAME)";
				SWIFT_EMIT_LOC_STRINGS = NO;
				SWIFT_VERSION = 5.0;
				TARGETED_DEVICE_FAMILY = "1,2";
				TEST_HOST = "$(BUILT_PRODUCTS_DIR)/TheSpecialKiwi.app/$(BUNDLE_EXECUTABLE_FOLDER_PATH)/TheSpecialKiwi";
			};
			name = Debug;
		};
		44138A5A2C6B4AED005E5FAD /* Release */ = {
			isa = XCBuildConfiguration;
			buildSettings = {
				ALWAYS_EMBED_SWIFT_STANDARD_LIBRARIES = YES;
				BUNDLE_LOADER = "$(TEST_HOST)";
				CODE_SIGN_STYLE = Automatic;
				CURRENT_PROJECT_VERSION = 1;
				DEVELOPMENT_TEAM = 87N548UZ24;
				GENERATE_INFOPLIST_FILE = YES;
				IPHONEOS_DEPLOYMENT_TARGET = 17.4;
				MARKETING_VERSION = 1.0;
				PRODUCT_BUNDLE_IDENTIFIER = id.timluarbiasa.TheSpecialKiwiTests;
				PRODUCT_NAME = "$(TARGET_NAME)";
				SWIFT_EMIT_LOC_STRINGS = NO;
				SWIFT_VERSION = 5.0;
				TARGETED_DEVICE_FAMILY = "1,2";
				TEST_HOST = "$(BUILT_PRODUCTS_DIR)/TheSpecialKiwi.app/$(BUNDLE_EXECUTABLE_FOLDER_PATH)/TheSpecialKiwi";
			};
			name = Release;
		};
		44138A5C2C6B4AED005E5FAD /* Debug */ = {
			isa = XCBuildConfiguration;
			buildSettings = {
				ALWAYS_EMBED_SWIFT_STANDARD_LIBRARIES = YES;
				CODE_SIGN_STYLE = Automatic;
				CURRENT_PROJECT_VERSION = 1;
				DEVELOPMENT_TEAM = 87N548UZ24;
				GENERATE_INFOPLIST_FILE = YES;
				MARKETING_VERSION = 1.0;
				PRODUCT_BUNDLE_IDENTIFIER = id.timluarbiasa.TheSpecialKiwiUITests;
				PRODUCT_NAME = "$(TARGET_NAME)";
				SWIFT_EMIT_LOC_STRINGS = NO;
				SWIFT_VERSION = 5.0;
				TARGETED_DEVICE_FAMILY = "1,2";
				TEST_TARGET_NAME = TheSpecialKiwi;
			};
			name = Debug;
		};
		44138A5D2C6B4AED005E5FAD /* Release */ = {
			isa = XCBuildConfiguration;
			buildSettings = {
				ALWAYS_EMBED_SWIFT_STANDARD_LIBRARIES = YES;
				CODE_SIGN_STYLE = Automatic;
				CURRENT_PROJECT_VERSION = 1;
				DEVELOPMENT_TEAM = 87N548UZ24;
				GENERATE_INFOPLIST_FILE = YES;
				MARKETING_VERSION = 1.0;
				PRODUCT_BUNDLE_IDENTIFIER = id.timluarbiasa.TheSpecialKiwiUITests;
				PRODUCT_NAME = "$(TARGET_NAME)";
				SWIFT_EMIT_LOC_STRINGS = NO;
				SWIFT_VERSION = 5.0;
				TARGETED_DEVICE_FAMILY = "1,2";
				TEST_TARGET_NAME = TheSpecialKiwi;
			};
			name = Release;
		};
/* End XCBuildConfiguration section */

/* Begin XCConfigurationList section */
		44138A2A2C6B4AEC005E5FAD /* Build configuration list for PBXProject "TheSpecialKiwi" */ = {
			isa = XCConfigurationList;
			buildConfigurations = (
				44138A532C6B4AED005E5FAD /* Debug */,
				44138A542C6B4AED005E5FAD /* Release */,
			);
			defaultConfigurationIsVisible = 0;
			defaultConfigurationName = Release;
		};
		44138A552C6B4AED005E5FAD /* Build configuration list for PBXNativeTarget "TheSpecialKiwi" */ = {
			isa = XCConfigurationList;
			buildConfigurations = (
				44138A562C6B4AED005E5FAD /* Debug */,
				44138A572C6B4AED005E5FAD /* Release */,
			);
			defaultConfigurationIsVisible = 0;
			defaultConfigurationName = Release;
		};
		44138A582C6B4AED005E5FAD /* Build configuration list for PBXNativeTarget "TheSpecialKiwiTests" */ = {
			isa = XCConfigurationList;
			buildConfigurations = (
				44138A592C6B4AED005E5FAD /* Debug */,
				44138A5A2C6B4AED005E5FAD /* Release */,
			);
			defaultConfigurationIsVisible = 0;
			defaultConfigurationName = Release;
		};
		44138A5B2C6B4AED005E5FAD /* Build configuration list for PBXNativeTarget "TheSpecialKiwiUITests" */ = {
			isa = XCConfigurationList;
			buildConfigurations = (
				44138A5C2C6B4AED005E5FAD /* Debug */,
				44138A5D2C6B4AED005E5FAD /* Release */,
			);
			defaultConfigurationIsVisible = 0;
			defaultConfigurationName = Release;
		};
/* End XCConfigurationList section */

/* Begin XCRemoteSwiftPackageReference section */
		1A469B0B2C74440A0065336D /* XCRemoteSwiftPackageReference "SDWebImageLottieCoder" */ = {
			isa = XCRemoteSwiftPackageReference;
			repositoryURL = "https://github.com/SDWebImage/SDWebImageLottieCoder";
			requirement = {
				kind = upToNextMajorVersion;
				minimumVersion = 0.2.0;
			};
		};
		1A469B102C7444D00065336D /* XCRemoteSwiftPackageReference "SDWebImageSwiftUI" */ = {
			isa = XCRemoteSwiftPackageReference;
			repositoryURL = "https://github.com/SDWebImage/SDWebImageSwiftUI.git";
			requirement = {
				kind = upToNextMajorVersion;
				minimumVersion = 3.1.1;
			};
		};
		1A469B752C745EB30065336D /* XCRemoteSwiftPackageReference "lottie-ios" */ = {
			isa = XCRemoteSwiftPackageReference;
			repositoryURL = "https://github.com/airbnb/lottie-ios";
			requirement = {
				kind = upToNextMajorVersion;
				minimumVersion = 4.5.0;
			};
		};
/* End XCRemoteSwiftPackageReference section */

/* Begin XCSwiftPackageProductDependency section */
		EF3199112C7592EB004A81A5 /* SDWebImageLottieCoder */ = {
			isa = XCSwiftPackageProductDependency;
			package = 1A469B0B2C74440A0065336D /* XCRemoteSwiftPackageReference "SDWebImageLottieCoder" */;
			productName = SDWebImageLottieCoder;
		};
		EF3199132C7592F7004A81A5 /* SDWebImageSwiftUI */ = {
			isa = XCSwiftPackageProductDependency;
			package = 1A469B102C7444D00065336D /* XCRemoteSwiftPackageReference "SDWebImageSwiftUI" */;
			productName = SDWebImageSwiftUI;
		};
		EF3199152C759306004A81A5 /* Lottie */ = {
			isa = XCSwiftPackageProductDependency;
			productName = Lottie;
		};
/* End XCSwiftPackageProductDependency section */
	};
	rootObject = 44138A272C6B4AEC005E5FAD /* Project object */;
}
