// !$*UTF8*$!
{
	archiveVersion = 1;
	classes = {
	};
	objectVersion = 56;
	objects = {

/* Begin PBXBuildFile section */
		1A59E92C2C6C464A00D61FE0 /* ArrowModel.swift in Sources */ = {isa = PBXBuildFile; fileRef = 1A59E92B2C6C464A00D61FE0 /* ArrowModel.swift */; };
		1A59E92E2C6C47F100D61FE0 /* GaugeModel.swift in Sources */ = {isa = PBXBuildFile; fileRef = 1A59E92D2C6C47F100D61FE0 /* GaugeModel.swift */; };
		1A59E9312C6C48B200D61FE0 /* CommunicationGameViewModel.swift in Sources */ = {isa = PBXBuildFile; fileRef = 1A59E9302C6C48B200D61FE0 /* CommunicationGameViewModel.swift */; };
		1A59E9342C6C4A9400D61FE0 /* CommunicationGameView.swift in Sources */ = {isa = PBXBuildFile; fileRef = 1A59E9332C6C4A9400D61FE0 /* CommunicationGameView.swift */; };
		1A59E9562C6C71FC00D61FE0 /* EyeContactStageViewModel.swift in Sources */ = {isa = PBXBuildFile; fileRef = 1A59E9552C6C71FC00D61FE0 /* EyeContactStageViewModel.swift */; };
		1A59E9582C6C720A00D61FE0 /* EyeModel.swift in Sources */ = {isa = PBXBuildFile; fileRef = 1A59E9572C6C720A00D61FE0 /* EyeModel.swift */; };
		1A59E95A2C6C724600D61FE0 /* NavigationViewModel.swift in Sources */ = {isa = PBXBuildFile; fileRef = 1A59E9592C6C724600D61FE0 /* NavigationViewModel.swift */; };
		1A59E95D2C6C725B00D61FE0 /* NavigationView.swift in Sources */ = {isa = PBXBuildFile; fileRef = 1A59E95B2C6C725B00D61FE0 /* NavigationView.swift */; };
		1A59E95F2C6C727300D61FE0 /* BackButtonModel.swift in Sources */ = {isa = PBXBuildFile; fileRef = 1A59E95E2C6C727300D61FE0 /* BackButtonModel.swift */; };
		1A59E9612C6C727900D61FE0 /* CommunicationButtonModel.swift in Sources */ = {isa = PBXBuildFile; fileRef = 1A59E9602C6C727900D61FE0 /* CommunicationButtonModel.swift */; };
		1A59E9632C6C728500D61FE0 /* EyeContactButtonModel.swift in Sources */ = {isa = PBXBuildFile; fileRef = 1A59E9622C6C728500D61FE0 /* EyeContactButtonModel.swift */; };
		44138A332C6B4AEC005E5FAD /* TheSpecialKiwiApp.swift in Sources */ = {isa = PBXBuildFile; fileRef = 44138A322C6B4AEC005E5FAD /* TheSpecialKiwiApp.swift */; };
		44138A352C6B4AEC005E5FAD /* ContentView.swift in Sources */ = {isa = PBXBuildFile; fileRef = 44138A342C6B4AEC005E5FAD /* ContentView.swift */; };
		44138A372C6B4AEC005E5FAD /* Item.swift in Sources */ = {isa = PBXBuildFile; fileRef = 44138A362C6B4AEC005E5FAD /* Item.swift */; };
		44138A392C6B4AED005E5FAD /* Assets.xcassets in Resources */ = {isa = PBXBuildFile; fileRef = 44138A382C6B4AED005E5FAD /* Assets.xcassets */; };
		44138A3C2C6B4AED005E5FAD /* Preview Assets.xcassets in Resources */ = {isa = PBXBuildFile; fileRef = 44138A3B2C6B4AED005E5FAD /* Preview Assets.xcassets */; };
		44138A462C6B4AED005E5FAD /* TheSpecialKiwiTests.swift in Sources */ = {isa = PBXBuildFile; fileRef = 44138A452C6B4AED005E5FAD /* TheSpecialKiwiTests.swift */; };
		44138A502C6B4AED005E5FAD /* TheSpecialKiwiUITests.swift in Sources */ = {isa = PBXBuildFile; fileRef = 44138A4F2C6B4AED005E5FAD /* TheSpecialKiwiUITests.swift */; };
		44138A522C6B4AED005E5FAD /* TheSpecialKiwiUITestsLaunchTests.swift in Sources */ = {isa = PBXBuildFile; fileRef = 44138A512C6B4AED005E5FAD /* TheSpecialKiwiUITestsLaunchTests.swift */; };
		44138A652C6B4F92005E5FAD /* EyeContactStageView.swift in Sources */ = {isa = PBXBuildFile; fileRef = 44138A642C6B4F92005E5FAD /* EyeContactStageView.swift */; };
		44138A692C6B5024005E5FAD /* ButtonComponent.swift in Sources */ = {isa = PBXBuildFile; fileRef = 44138A682C6B5024005E5FAD /* ButtonComponent.swift */; };
		44138A6B2C6B5037005E5FAD /* PlayerModel.swift in Sources */ = {isa = PBXBuildFile; fileRef = 44138A6A2C6B5037005E5FAD /* PlayerModel.swift */; };
		44138A6D2C6B5269005E5FAD /* TimerHelper.swift in Sources */ = {isa = PBXBuildFile; fileRef = 44138A6C2C6B5269005E5FAD /* TimerHelper.swift */; };
		44138A6F2C6B5273005E5FAD /* StageManager.swift in Sources */ = {isa = PBXBuildFile; fileRef = 44138A6E2C6B5273005E5FAD /* StageManager.swift */; };
		EF78F13A2C6DD641008867EF /* KiwiLight.json in Resources */ = {isa = PBXBuildFile; fileRef = EF78F1392C6DD641008867EF /* KiwiLight.json */; };
		EF78F1452C72F71C008867EF /* TimerComponent.swift in Sources */ = {isa = PBXBuildFile; fileRef = EF78F1442C72F71C008867EF /* TimerComponent.swift */; };
		EF78F1722C737DA2008867EF /* SDWebImageLottieCoder in Frameworks */ = {isa = PBXBuildFile; productRef = EF78F1712C737DA2008867EF /* SDWebImageLottieCoder */; };
		EF78F1742C737DB3008867EF /* SDWebImageSwiftUI in Frameworks */ = {isa = PBXBuildFile; productRef = EF78F1732C737DB3008867EF /* SDWebImageSwiftUI */; };
		EF78F1762C73B7AC008867EF /* InformationViewController.swift in Sources */ = {isa = PBXBuildFile; fileRef = EF78F1752C73B7AC008867EF /* InformationViewController.swift */; };
		EF78F1782C73B7C9008867EF /* InformationView.swift in Sources */ = {isa = PBXBuildFile; fileRef = EF78F1772C73B7C9008867EF /* InformationView.swift */; };
		EF96E2212C6C9F3E001C019A /* LightSensoryViewModel.swift in Sources */ = {isa = PBXBuildFile; fileRef = EF96E2202C6C9F3E001C019A /* LightSensoryViewModel.swift */; };
		EF96E2242C6CA03A001C019A /* LightSensoryView.swift in Sources */ = {isa = PBXBuildFile; fileRef = EF96E2232C6CA03A001C019A /* LightSensoryView.swift */; };
		F156BCD02C744B1E00EB43C5 /* SoundView.swift in Sources */ = {isa = PBXBuildFile; fileRef = F156BCCF2C744B1E00EB43C5 /* SoundView.swift */; };
		F156BCD22C744B5600EB43C5 /* LottieView.swift in Sources */ = {isa = PBXBuildFile; fileRef = F156BCD12C744B5600EB43C5 /* LottieView.swift */; };
		F156BCD42C744B7300EB43C5 /* SoundViewModel.swift in Sources */ = {isa = PBXBuildFile; fileRef = F156BCD32C744B7300EB43C5 /* SoundViewModel.swift */; };
		F156BCD62C744B8C00EB43C5 /* SoundModel.swift in Sources */ = {isa = PBXBuildFile; fileRef = F156BCD52C744B8C00EB43C5 /* SoundModel.swift */; };
		F156BCD92C744BAD00EB43C5 /* Lottie in Frameworks */ = {isa = PBXBuildFile; productRef = F156BCD82C744BAD00EB43C5 /* Lottie */; };
		F156BCDB2C744C4B00EB43C5 /* KiwiHappy.json in Resources */ = {isa = PBXBuildFile; fileRef = F156BCDA2C744C4B00EB43C5 /* KiwiHappy.json */; };
		F156BCDE2C744CEE00EB43C5 /* Fruit1.mp3 in Resources */ = {isa = PBXBuildFile; fileRef = F156BCDD2C744CEE00EB43C5 /* Fruit1.mp3 */; };
		F156BCE02C744CF800EB43C5 /* Fruit2.mp3 in Resources */ = {isa = PBXBuildFile; fileRef = F156BCDF2C744CF800EB43C5 /* Fruit2.mp3 */; };
		F156BCE22C744CFF00EB43C5 /* Fruit3.mp3 in Resources */ = {isa = PBXBuildFile; fileRef = F156BCE12C744CFF00EB43C5 /* Fruit3.mp3 */; };
		F156BCE42C744D0400EB43C5 /* Fruit4.mp3 in Resources */ = {isa = PBXBuildFile; fileRef = F156BCE32C744D0400EB43C5 /* Fruit4.mp3 */; };
		F156BCE72C744D3500EB43C5 /* Fruit2-2.json in Resources */ = {isa = PBXBuildFile; fileRef = F156BCE62C744D3500EB43C5 /* Fruit2-2.json */; };
		F156BCE92C744D3B00EB43C5 /* Fruit1-2.json in Resources */ = {isa = PBXBuildFile; fileRef = F156BCE82C744D3B00EB43C5 /* Fruit1-2.json */; };
		F156BCEB2C744D4000EB43C5 /* Fruit3-2.json in Resources */ = {isa = PBXBuildFile; fileRef = F156BCEA2C744D4000EB43C5 /* Fruit3-2.json */; };
		F156BCED2C744D4600EB43C5 /* Fruit4-2.json in Resources */ = {isa = PBXBuildFile; fileRef = F156BCEC2C744D4600EB43C5 /* Fruit4-2.json */; };
		F156BCEF2C744DA400EB43C5 /* Kiwi.json in Resources */ = {isa = PBXBuildFile; fileRef = F156BCEE2C744DA400EB43C5 /* Kiwi.json */; };
/* End PBXBuildFile section */

/* Begin PBXContainerItemProxy section */
		44138A422C6B4AED005E5FAD /* PBXContainerItemProxy */ = {
			isa = PBXContainerItemProxy;
			containerPortal = 44138A272C6B4AEC005E5FAD /* Project object */;
			proxyType = 1;
			remoteGlobalIDString = 44138A2E2C6B4AEC005E5FAD;
			remoteInfo = TheSpecialKiwi;
		};
		44138A4C2C6B4AED005E5FAD /* PBXContainerItemProxy */ = {
			isa = PBXContainerItemProxy;
			containerPortal = 44138A272C6B4AEC005E5FAD /* Project object */;
			proxyType = 1;
			remoteGlobalIDString = 44138A2E2C6B4AEC005E5FAD;
			remoteInfo = TheSpecialKiwi;
		};
/* End PBXContainerItemProxy section */

/* Begin PBXFileReference section */
		1A59E92B2C6C464A00D61FE0 /* ArrowModel.swift */ = {isa = PBXFileReference; lastKnownFileType = sourcecode.swift; path = ArrowModel.swift; sourceTree = "<group>"; };
		1A59E92D2C6C47F100D61FE0 /* GaugeModel.swift */ = {isa = PBXFileReference; lastKnownFileType = sourcecode.swift; path = GaugeModel.swift; sourceTree = "<group>"; };
		1A59E9302C6C48B200D61FE0 /* CommunicationGameViewModel.swift */ = {isa = PBXFileReference; lastKnownFileType = sourcecode.swift; path = CommunicationGameViewModel.swift; sourceTree = "<group>"; };
		1A59E9332C6C4A9400D61FE0 /* CommunicationGameView.swift */ = {isa = PBXFileReference; lastKnownFileType = sourcecode.swift; path = CommunicationGameView.swift; sourceTree = "<group>"; };
		1A59E9552C6C71FC00D61FE0 /* EyeContactStageViewModel.swift */ = {isa = PBXFileReference; fileEncoding = 4; lastKnownFileType = sourcecode.swift; path = EyeContactStageViewModel.swift; sourceTree = "<group>"; };
		1A59E9572C6C720A00D61FE0 /* EyeModel.swift */ = {isa = PBXFileReference; fileEncoding = 4; lastKnownFileType = sourcecode.swift; path = EyeModel.swift; sourceTree = "<group>"; };
		1A59E9592C6C724600D61FE0 /* NavigationViewModel.swift */ = {isa = PBXFileReference; fileEncoding = 4; lastKnownFileType = sourcecode.swift; path = NavigationViewModel.swift; sourceTree = "<group>"; };
		1A59E95B2C6C725B00D61FE0 /* NavigationView.swift */ = {isa = PBXFileReference; fileEncoding = 4; lastKnownFileType = sourcecode.swift; path = NavigationView.swift; sourceTree = "<group>"; };
		1A59E95E2C6C727300D61FE0 /* BackButtonModel.swift */ = {isa = PBXFileReference; fileEncoding = 4; lastKnownFileType = sourcecode.swift; path = BackButtonModel.swift; sourceTree = "<group>"; };
		1A59E9602C6C727900D61FE0 /* CommunicationButtonModel.swift */ = {isa = PBXFileReference; fileEncoding = 4; lastKnownFileType = sourcecode.swift; path = CommunicationButtonModel.swift; sourceTree = "<group>"; };
		1A59E9622C6C728500D61FE0 /* EyeContactButtonModel.swift */ = {isa = PBXFileReference; fileEncoding = 4; lastKnownFileType = sourcecode.swift; path = EyeContactButtonModel.swift; sourceTree = "<group>"; };
		44138A2F2C6B4AEC005E5FAD /* TheSpecialKiwi.app */ = {isa = PBXFileReference; explicitFileType = wrapper.application; includeInIndex = 0; path = TheSpecialKiwi.app; sourceTree = BUILT_PRODUCTS_DIR; };
		44138A322C6B4AEC005E5FAD /* TheSpecialKiwiApp.swift */ = {isa = PBXFileReference; lastKnownFileType = sourcecode.swift; path = TheSpecialKiwiApp.swift; sourceTree = "<group>"; };
		44138A342C6B4AEC005E5FAD /* ContentView.swift */ = {isa = PBXFileReference; lastKnownFileType = sourcecode.swift; path = ContentView.swift; sourceTree = "<group>"; };
		44138A362C6B4AEC005E5FAD /* Item.swift */ = {isa = PBXFileReference; lastKnownFileType = sourcecode.swift; path = Item.swift; sourceTree = "<group>"; };
		44138A382C6B4AED005E5FAD /* Assets.xcassets */ = {isa = PBXFileReference; lastKnownFileType = folder.assetcatalog; path = Assets.xcassets; sourceTree = "<group>"; };
		44138A3B2C6B4AED005E5FAD /* Preview Assets.xcassets */ = {isa = PBXFileReference; lastKnownFileType = folder.assetcatalog; path = "Preview Assets.xcassets"; sourceTree = "<group>"; };
		44138A412C6B4AED005E5FAD /* TheSpecialKiwiTests.xctest */ = {isa = PBXFileReference; explicitFileType = wrapper.cfbundle; includeInIndex = 0; path = TheSpecialKiwiTests.xctest; sourceTree = BUILT_PRODUCTS_DIR; };
		44138A452C6B4AED005E5FAD /* TheSpecialKiwiTests.swift */ = {isa = PBXFileReference; lastKnownFileType = sourcecode.swift; path = TheSpecialKiwiTests.swift; sourceTree = "<group>"; };
		44138A4B2C6B4AED005E5FAD /* TheSpecialKiwiUITests.xctest */ = {isa = PBXFileReference; explicitFileType = wrapper.cfbundle; includeInIndex = 0; path = TheSpecialKiwiUITests.xctest; sourceTree = BUILT_PRODUCTS_DIR; };
		44138A4F2C6B4AED005E5FAD /* TheSpecialKiwiUITests.swift */ = {isa = PBXFileReference; lastKnownFileType = sourcecode.swift; path = TheSpecialKiwiUITests.swift; sourceTree = "<group>"; };
		44138A512C6B4AED005E5FAD /* TheSpecialKiwiUITestsLaunchTests.swift */ = {isa = PBXFileReference; lastKnownFileType = sourcecode.swift; path = TheSpecialKiwiUITestsLaunchTests.swift; sourceTree = "<group>"; };
		44138A642C6B4F92005E5FAD /* EyeContactStageView.swift */ = {isa = PBXFileReference; lastKnownFileType = sourcecode.swift; path = EyeContactStageView.swift; sourceTree = "<group>"; };
		44138A682C6B5024005E5FAD /* ButtonComponent.swift */ = {isa = PBXFileReference; lastKnownFileType = sourcecode.swift; path = ButtonComponent.swift; sourceTree = "<group>"; };
		44138A6A2C6B5037005E5FAD /* PlayerModel.swift */ = {isa = PBXFileReference; lastKnownFileType = sourcecode.swift; path = PlayerModel.swift; sourceTree = "<group>"; };
		44138A6C2C6B5269005E5FAD /* TimerHelper.swift */ = {isa = PBXFileReference; lastKnownFileType = sourcecode.swift; path = TimerHelper.swift; sourceTree = "<group>"; };
		44138A6E2C6B5273005E5FAD /* StageManager.swift */ = {isa = PBXFileReference; lastKnownFileType = sourcecode.swift; path = StageManager.swift; sourceTree = "<group>"; };
		EF78F1392C6DD641008867EF /* KiwiLight.json */ = {isa = PBXFileReference; fileEncoding = 4; lastKnownFileType = text.json; path = KiwiLight.json; sourceTree = "<group>"; };
		EF78F1442C72F71C008867EF /* TimerComponent.swift */ = {isa = PBXFileReference; lastKnownFileType = sourcecode.swift; path = TimerComponent.swift; sourceTree = "<group>"; };
		EF78F1752C73B7AC008867EF /* InformationViewController.swift */ = {isa = PBXFileReference; lastKnownFileType = sourcecode.swift; path = InformationViewController.swift; sourceTree = "<group>"; usesTabs = 0; };
		EF78F1772C73B7C9008867EF /* InformationView.swift */ = {isa = PBXFileReference; lastKnownFileType = sourcecode.swift; path = InformationView.swift; sourceTree = "<group>"; };
		EF78F17B2C73C9EA008867EF /* Sora.ttf */ = {isa = PBXFileReference; lastKnownFileType = file; path = Sora.ttf; sourceTree = "<group>"; };
		EF78F17C2C73CA0C008867EF /* Info.plist */ = {isa = PBXFileReference; lastKnownFileType = text.plist; path = Info.plist; sourceTree = "<group>"; };
		EF96E2202C6C9F3E001C019A /* LightSensoryViewModel.swift */ = {isa = PBXFileReference; lastKnownFileType = sourcecode.swift; path = LightSensoryViewModel.swift; sourceTree = "<group>"; };
		EF96E2232C6CA03A001C019A /* LightSensoryView.swift */ = {isa = PBXFileReference; lastKnownFileType = sourcecode.swift; path = LightSensoryView.swift; sourceTree = "<group>"; };
		F156BCCF2C744B1E00EB43C5 /* SoundView.swift */ = {isa = PBXFileReference; lastKnownFileType = sourcecode.swift; path = SoundView.swift; sourceTree = "<group>"; };
		F156BCD12C744B5600EB43C5 /* LottieView.swift */ = {isa = PBXFileReference; lastKnownFileType = sourcecode.swift; path = LottieView.swift; sourceTree = "<group>"; };
		F156BCD32C744B7300EB43C5 /* SoundViewModel.swift */ = {isa = PBXFileReference; lastKnownFileType = sourcecode.swift; path = SoundViewModel.swift; sourceTree = "<group>"; };
		F156BCD52C744B8C00EB43C5 /* SoundModel.swift */ = {isa = PBXFileReference; lastKnownFileType = sourcecode.swift; path = SoundModel.swift; sourceTree = "<group>"; };
		F156BCDA2C744C4B00EB43C5 /* KiwiHappy.json */ = {isa = PBXFileReference; fileEncoding = 4; lastKnownFileType = text.json; path = KiwiHappy.json; sourceTree = "<group>"; };
		F156BCDD2C744CEE00EB43C5 /* Fruit1.mp3 */ = {isa = PBXFileReference; lastKnownFileType = audio.mp3; path = Fruit1.mp3; sourceTree = "<group>"; };
		F156BCDF2C744CF800EB43C5 /* Fruit2.mp3 */ = {isa = PBXFileReference; lastKnownFileType = audio.mp3; path = Fruit2.mp3; sourceTree = "<group>"; };
		F156BCE12C744CFF00EB43C5 /* Fruit3.mp3 */ = {isa = PBXFileReference; lastKnownFileType = audio.mp3; path = Fruit3.mp3; sourceTree = "<group>"; };
		F156BCE32C744D0400EB43C5 /* Fruit4.mp3 */ = {isa = PBXFileReference; lastKnownFileType = audio.mp3; path = Fruit4.mp3; sourceTree = "<group>"; };
		F156BCE62C744D3500EB43C5 /* Fruit2-2.json */ = {isa = PBXFileReference; fileEncoding = 4; lastKnownFileType = text.json; path = "Fruit2-2.json"; sourceTree = "<group>"; };
		F156BCE82C744D3B00EB43C5 /* Fruit1-2.json */ = {isa = PBXFileReference; fileEncoding = 4; lastKnownFileType = text.json; path = "Fruit1-2.json"; sourceTree = "<group>"; };
		F156BCEA2C744D4000EB43C5 /* Fruit3-2.json */ = {isa = PBXFileReference; fileEncoding = 4; lastKnownFileType = text.json; path = "Fruit3-2.json"; sourceTree = "<group>"; };
		F156BCEC2C744D4600EB43C5 /* Fruit4-2.json */ = {isa = PBXFileReference; fileEncoding = 4; lastKnownFileType = text.json; path = "Fruit4-2.json"; sourceTree = "<group>"; };
		F156BCEE2C744DA400EB43C5 /* Kiwi.json */ = {isa = PBXFileReference; fileEncoding = 4; lastKnownFileType = text.json; path = Kiwi.json; sourceTree = "<group>"; };
/* End PBXFileReference section */

/* Begin PBXFrameworksBuildPhase section */
		44138A2C2C6B4AEC005E5FAD /* Frameworks */ = {
			isa = PBXFrameworksBuildPhase;
			buildActionMask = 2147483647;
			files = (
				EF78F1742C737DB3008867EF /* SDWebImageSwiftUI in Frameworks */,
				EF78F1722C737DA2008867EF /* SDWebImageLottieCoder in Frameworks */,
				F156BCD92C744BAD00EB43C5 /* Lottie in Frameworks */,
			);
			runOnlyForDeploymentPostprocessing = 0;
		};
		44138A3E2C6B4AED005E5FAD /* Frameworks */ = {
			isa = PBXFrameworksBuildPhase;
			buildActionMask = 2147483647;
			files = (
			);
			runOnlyForDeploymentPostprocessing = 0;
		};
		44138A482C6B4AED005E5FAD /* Frameworks */ = {
			isa = PBXFrameworksBuildPhase;
			buildActionMask = 2147483647;
			files = (
			);
			runOnlyForDeploymentPostprocessing = 0;
		};
/* End PBXFrameworksBuildPhase section */

/* Begin PBXGroup section */
		1A59E92F2C6C488300D61FE0 /* ViewModels */ = {
			isa = PBXGroup;
			children = (
				1A59E9302C6C48B200D61FE0 /* CommunicationGameViewModel.swift */,
				1A59E9552C6C71FC00D61FE0 /* EyeContactStageViewModel.swift */,
				1A59E9592C6C724600D61FE0 /* NavigationViewModel.swift */,
				EF96E2202C6C9F3E001C019A /* LightSensoryViewModel.swift */,
				F156BCD32C744B7300EB43C5 /* SoundViewModel.swift */,
			);
			path = ViewModels;
			sourceTree = "<group>";
		};
		1A59E9322C6C4A7800D61FE0 /* CommunicationStage */ = {
			isa = PBXGroup;
			children = (
				1A59E9332C6C4A9400D61FE0 /* CommunicationGameView.swift */,
			);
			path = CommunicationStage;
			sourceTree = "<group>";
		};
		1A59E95C2C6C725B00D61FE0 /* Main Menu */ = {
			isa = PBXGroup;
			children = (
				1A59E95B2C6C725B00D61FE0 /* NavigationView.swift */,
				EF78F1772C73B7C9008867EF /* InformationView.swift */,
				EF78F1752C73B7AC008867EF /* InformationViewController.swift */,
			);
			path = "Main Menu";
			sourceTree = "<group>";
		};
		44138A262C6B4AEC005E5FAD = {
			isa = PBXGroup;
			children = (
				44138A312C6B4AEC005E5FAD /* TheSpecialKiwi */,
				44138A442C6B4AED005E5FAD /* TheSpecialKiwiTests */,
				44138A4E2C6B4AED005E5FAD /* TheSpecialKiwiUITests */,
				44138A302C6B4AEC005E5FAD /* Products */,
			);
			sourceTree = "<group>";
		};
		44138A302C6B4AEC005E5FAD /* Products */ = {
			isa = PBXGroup;
			children = (
				44138A2F2C6B4AEC005E5FAD /* TheSpecialKiwi.app */,
				44138A412C6B4AED005E5FAD /* TheSpecialKiwiTests.xctest */,
				44138A4B2C6B4AED005E5FAD /* TheSpecialKiwiUITests.xctest */,
			);
			name = Products;
			sourceTree = "<group>";
		};
		44138A312C6B4AEC005E5FAD /* TheSpecialKiwi */ = {
			isa = PBXGroup;
			children = (
				EF78F17C2C73CA0C008867EF /* Info.plist */,
				EF78F1792C73C99F008867EF /* Font */,
				1A59E92F2C6C488300D61FE0 /* ViewModels */,
				44138A612C6B4E71005E5FAD /* Scenes */,
				44138A5F2C6B4E43005E5FAD /* Models */,
				44138A342C6B4AEC005E5FAD /* ContentView.swift */,
				44138A362C6B4AEC005E5FAD /* Item.swift */,
				44138A322C6B4AEC005E5FAD /* TheSpecialKiwiApp.swift */,
				44138A382C6B4AED005E5FAD /* Assets.xcassets */,
				44138A662C6B4FA7005E5FAD /* Helpers */,
				44138A672C6B4FAF005E5FAD /* Managers */,
				44138A3A2C6B4AED005E5FAD /* Preview Content */,
			);
			path = TheSpecialKiwi;
			sourceTree = "<group>";
		};
		44138A3A2C6B4AED005E5FAD /* Preview Content */ = {
			isa = PBXGroup;
			children = (
				44138A3B2C6B4AED005E5FAD /* Preview Assets.xcassets */,
			);
			path = "Preview Content";
			sourceTree = "<group>";
		};
		44138A442C6B4AED005E5FAD /* TheSpecialKiwiTests */ = {
			isa = PBXGroup;
			children = (
				44138A452C6B4AED005E5FAD /* TheSpecialKiwiTests.swift */,
			);
			path = TheSpecialKiwiTests;
			sourceTree = "<group>";
		};
		44138A4E2C6B4AED005E5FAD /* TheSpecialKiwiUITests */ = {
			isa = PBXGroup;
			children = (
				44138A4F2C6B4AED005E5FAD /* TheSpecialKiwiUITests.swift */,
				44138A512C6B4AED005E5FAD /* TheSpecialKiwiUITestsLaunchTests.swift */,
			);
			path = TheSpecialKiwiUITests;
			sourceTree = "<group>";
		};
		44138A5F2C6B4E43005E5FAD /* Models */ = {
			isa = PBXGroup;
			children = (
				44138A6A2C6B5037005E5FAD /* PlayerModel.swift */,
				1A59E92B2C6C464A00D61FE0 /* ArrowModel.swift */,
				1A59E92D2C6C47F100D61FE0 /* GaugeModel.swift */,
				1A59E9572C6C720A00D61FE0 /* EyeModel.swift */,
				1A59E95E2C6C727300D61FE0 /* BackButtonModel.swift */,
				1A59E9602C6C727900D61FE0 /* CommunicationButtonModel.swift */,
				1A59E9622C6C728500D61FE0 /* EyeContactButtonModel.swift */,
				F156BCD52C744B8C00EB43C5 /* SoundModel.swift */,
			);
			path = Models;
			sourceTree = "<group>";
		};
		44138A612C6B4E71005E5FAD /* Scenes */ = {
			isa = PBXGroup;
			children = (
				F156BCCE2C744B0500EB43C5 /* SoundStage */,
				EF96E2222C6CA01D001C019A /* LightSensoryStage */,
				1A59E95C2C6C725B00D61FE0 /* Main Menu */,
				1A59E9322C6C4A7800D61FE0 /* CommunicationStage */,
				44138A632C6B4E9B005E5FAD /* EyeContactStage */,
				44138A622C6B4E8F005E5FAD /* Components */,
			);
			path = Scenes;
			sourceTree = "<group>";
		};
		44138A622C6B4E8F005E5FAD /* Components */ = {
			isa = PBXGroup;
			children = (
				44138A682C6B5024005E5FAD /* ButtonComponent.swift */,
				EF78F1442C72F71C008867EF /* TimerComponent.swift */,
			);
			path = Components;
			sourceTree = "<group>";
		};
		44138A632C6B4E9B005E5FAD /* EyeContactStage */ = {
			isa = PBXGroup;
			children = (
				44138A642C6B4F92005E5FAD /* EyeContactStageView.swift */,
			);
			path = EyeContactStage;
			sourceTree = "<group>";
		};
		44138A662C6B4FA7005E5FAD /* Helpers */ = {
			isa = PBXGroup;
			children = (
				44138A6C2C6B5269005E5FAD /* TimerHelper.swift */,
			);
			path = Helpers;
			sourceTree = "<group>";
		};
		44138A672C6B4FAF005E5FAD /* Managers */ = {
			isa = PBXGroup;
			children = (
				44138A6E2C6B5273005E5FAD /* StageManager.swift */,
			);
			path = Managers;
			sourceTree = "<group>";
		};
		EF78F1792C73C99F008867EF /* Font */ = {
			isa = PBXGroup;
			children = (
				EF78F17B2C73C9EA008867EF /* Sora.ttf */,
			);
			path = Font;
			sourceTree = "<group>";
		};
		EF96E2222C6CA01D001C019A /* LightSensoryStage */ = {
			isa = PBXGroup;
			children = (
				EF96E2232C6CA03A001C019A /* LightSensoryView.swift */,
				EF78F1392C6DD641008867EF /* KiwiLight.json */,
				F156BCDA2C744C4B00EB43C5 /* KiwiHappy.json */,
			);
			path = LightSensoryStage;
			sourceTree = "<group>";
		};
		F156BCCE2C744B0500EB43C5 /* SoundStage */ = {
			isa = PBXGroup;
			children = (
				F156BCE52C744D0B00EB43C5 /* SoundLottie */,
				F156BCDC2C744CDE00EB43C5 /* SoundMusics */,
				F156BCCF2C744B1E00EB43C5 /* SoundView.swift */,
				F156BCD12C744B5600EB43C5 /* LottieView.swift */,
			);
			path = SoundStage;
			sourceTree = "<group>";
		};
		F156BCDC2C744CDE00EB43C5 /* SoundMusics */ = {
			isa = PBXGroup;
			children = (
				F156BCDD2C744CEE00EB43C5 /* Fruit1.mp3 */,
				F156BCDF2C744CF800EB43C5 /* Fruit2.mp3 */,
				F156BCE12C744CFF00EB43C5 /* Fruit3.mp3 */,
				F156BCE32C744D0400EB43C5 /* Fruit4.mp3 */,
			);
			path = SoundMusics;
			sourceTree = "<group>";
		};
		F156BCE52C744D0B00EB43C5 /* SoundLottie */ = {
			isa = PBXGroup;
			children = (
				F156BCE82C744D3B00EB43C5 /* Fruit1-2.json */,
				F156BCE62C744D3500EB43C5 /* Fruit2-2.json */,
				F156BCEA2C744D4000EB43C5 /* Fruit3-2.json */,
				F156BCEC2C744D4600EB43C5 /* Fruit4-2.json */,
				F156BCEE2C744DA400EB43C5 /* Kiwi.json */,
			);
			path = SoundLottie;
			sourceTree = "<group>";
		};
/* End PBXGroup section */

/* Begin PBXNativeTarget section */
		44138A2E2C6B4AEC005E5FAD /* TheSpecialKiwi */ = {
			isa = PBXNativeTarget;
			buildConfigurationList = 44138A552C6B4AED005E5FAD /* Build configuration list for PBXNativeTarget "TheSpecialKiwi" */;
			buildPhases = (
				44138A2B2C6B4AEC005E5FAD /* Sources */,
				44138A2C2C6B4AEC005E5FAD /* Frameworks */,
				44138A2D2C6B4AEC005E5FAD /* Resources */,
			);
			buildRules = (
			);
			dependencies = (
			);
			name = TheSpecialKiwi;
			packageProductDependencies = (
				EF78F1712C737DA2008867EF /* SDWebImageLottieCoder */,
				EF78F1732C737DB3008867EF /* SDWebImageSwiftUI */,
				F156BCD82C744BAD00EB43C5 /* Lottie */,
			);
			productName = TheSpecialKiwi;
			productReference = 44138A2F2C6B4AEC005E5FAD /* TheSpecialKiwi.app */;
			productType = "com.apple.product-type.application";
		};
		44138A402C6B4AED005E5FAD /* TheSpecialKiwiTests */ = {
			isa = PBXNativeTarget;
			buildConfigurationList = 44138A582C6B4AED005E5FAD /* Build configuration list for PBXNativeTarget "TheSpecialKiwiTests" */;
			buildPhases = (
				44138A3D2C6B4AED005E5FAD /* Sources */,
				44138A3E2C6B4AED005E5FAD /* Frameworks */,
				44138A3F2C6B4AED005E5FAD /* Resources */,
			);
			buildRules = (
			);
			dependencies = (
				44138A432C6B4AED005E5FAD /* PBXTargetDependency */,
			);
			name = TheSpecialKiwiTests;
			productName = TheSpecialKiwiTests;
			productReference = 44138A412C6B4AED005E5FAD /* TheSpecialKiwiTests.xctest */;
			productType = "com.apple.product-type.bundle.unit-test";
		};
		44138A4A2C6B4AED005E5FAD /* TheSpecialKiwiUITests */ = {
			isa = PBXNativeTarget;
			buildConfigurationList = 44138A5B2C6B4AED005E5FAD /* Build configuration list for PBXNativeTarget "TheSpecialKiwiUITests" */;
			buildPhases = (
				44138A472C6B4AED005E5FAD /* Sources */,
				44138A482C6B4AED005E5FAD /* Frameworks */,
				44138A492C6B4AED005E5FAD /* Resources */,
			);
			buildRules = (
			);
			dependencies = (
				44138A4D2C6B4AED005E5FAD /* PBXTargetDependency */,
			);
			name = TheSpecialKiwiUITests;
			productName = TheSpecialKiwiUITests;
			productReference = 44138A4B2C6B4AED005E5FAD /* TheSpecialKiwiUITests.xctest */;
			productType = "com.apple.product-type.bundle.ui-testing";
		};
/* End PBXNativeTarget section */

/* Begin PBXProject section */
		44138A272C6B4AEC005E5FAD /* Project object */ = {
			isa = PBXProject;
			attributes = {
				BuildIndependentTargetsInParallel = 1;
				LastSwiftUpdateCheck = 1530;
				LastUpgradeCheck = 1530;
				TargetAttributes = {
					44138A2E2C6B4AEC005E5FAD = {
						CreatedOnToolsVersion = 15.3;
					};
					44138A402C6B4AED005E5FAD = {
						CreatedOnToolsVersion = 15.3;
						TestTargetID = 44138A2E2C6B4AEC005E5FAD;
					};
					44138A4A2C6B4AED005E5FAD = {
						CreatedOnToolsVersion = 15.3;
						TestTargetID = 44138A2E2C6B4AEC005E5FAD;
					};
				};
			};
			buildConfigurationList = 44138A2A2C6B4AEC005E5FAD /* Build configuration list for PBXProject "TheSpecialKiwi" */;
			compatibilityVersion = "Xcode 14.0";
			developmentRegion = en;
			hasScannedForEncodings = 0;
			knownRegions = (
				en,
				Base,
			);
			mainGroup = 44138A262C6B4AEC005E5FAD;
			packageReferences = (
				EF78F1332C6DBD2B008867EF /* XCRemoteSwiftPackageReference "SDWebImageSwiftUI" */,
				EF78F1362C6DBD91008867EF /* XCRemoteSwiftPackageReference "SDWebImageLottieCoder" */,
				F156BCD72C744BAD00EB43C5 /* XCRemoteSwiftPackageReference "lottie-ios" */,
			);
			productRefGroup = 44138A302C6B4AEC005E5FAD /* Products */;
			projectDirPath = "";
			projectRoot = "";
			targets = (
				44138A2E2C6B4AEC005E5FAD /* TheSpecialKiwi */,
				44138A402C6B4AED005E5FAD /* TheSpecialKiwiTests */,
				44138A4A2C6B4AED005E5FAD /* TheSpecialKiwiUITests */,
			);
		};
/* End PBXProject section */

/* Begin PBXResourcesBuildPhase section */
		44138A2D2C6B4AEC005E5FAD /* Resources */ = {
			isa = PBXResourcesBuildPhase;
			buildActionMask = 2147483647;
			files = (
				F156BCE72C744D3500EB43C5 /* Fruit2-2.json in Resources */,
				F156BCEF2C744DA400EB43C5 /* Kiwi.json in Resources */,
				EF78F13A2C6DD641008867EF /* KiwiLight.json in Resources */,
				F156BCED2C744D4600EB43C5 /* Fruit4-2.json in Resources */,
				F156BCDB2C744C4B00EB43C5 /* KiwiHappy.json in Resources */,
				F156BCE02C744CF800EB43C5 /* Fruit2.mp3 in Resources */,
				44138A3C2C6B4AED005E5FAD /* Preview Assets.xcassets in Resources */,
				F156BCDE2C744CEE00EB43C5 /* Fruit1.mp3 in Resources */,
				F156BCE22C744CFF00EB43C5 /* Fruit3.mp3 in Resources */,
				F156BCE42C744D0400EB43C5 /* Fruit4.mp3 in Resources */,
				F156BCEB2C744D4000EB43C5 /* Fruit3-2.json in Resources */,
				44138A392C6B4AED005E5FAD /* Assets.xcassets in Resources */,
				F156BCE92C744D3B00EB43C5 /* Fruit1-2.json in Resources */,
			);
			runOnlyForDeploymentPostprocessing = 0;
		};
		44138A3F2C6B4AED005E5FAD /* Resources */ = {
			isa = PBXResourcesBuildPhase;
			buildActionMask = 2147483647;
			files = (
			);
			runOnlyForDeploymentPostprocessing = 0;
		};
		44138A492C6B4AED005E5FAD /* Resources */ = {
			isa = PBXResourcesBuildPhase;
			buildActionMask = 2147483647;
			files = (
			);
			runOnlyForDeploymentPostprocessing = 0;
		};
/* End PBXResourcesBuildPhase section */

/* Begin PBXSourcesBuildPhase section */
		44138A2B2C6B4AEC005E5FAD /* Sources */ = {
			isa = PBXSourcesBuildPhase;
			buildActionMask = 2147483647;
			files = (
				EF78F1762C73B7AC008867EF /* InformationViewController.swift in Sources */,
				1A59E9612C6C727900D61FE0 /* CommunicationButtonModel.swift in Sources */,
				EF96E2212C6C9F3E001C019A /* LightSensoryViewModel.swift in Sources */,
				44138A6B2C6B5037005E5FAD /* PlayerModel.swift in Sources */,
				44138A352C6B4AEC005E5FAD /* ContentView.swift in Sources */,
				F156BCD02C744B1E00EB43C5 /* SoundView.swift in Sources */,
				1A59E9562C6C71FC00D61FE0 /* EyeContactStageViewModel.swift in Sources */,
				F156BCD42C744B7300EB43C5 /* SoundViewModel.swift in Sources */,
				44138A692C6B5024005E5FAD /* ButtonComponent.swift in Sources */,
				1A59E92E2C6C47F100D61FE0 /* GaugeModel.swift in Sources */,
				44138A372C6B4AEC005E5FAD /* Item.swift in Sources */,
				EF78F1782C73B7C9008867EF /* InformationView.swift in Sources */,
				1A59E95A2C6C724600D61FE0 /* NavigationViewModel.swift in Sources */,
				EF96E2242C6CA03A001C019A /* LightSensoryView.swift in Sources */,
				44138A6F2C6B5273005E5FAD /* StageManager.swift in Sources */,
				EF78F1452C72F71C008867EF /* TimerComponent.swift in Sources */,
				1A59E9632C6C728500D61FE0 /* EyeContactButtonModel.swift in Sources */,
				1A59E95F2C6C727300D61FE0 /* BackButtonModel.swift in Sources */,
				1A59E92C2C6C464A00D61FE0 /* ArrowModel.swift in Sources */,
				44138A6D2C6B5269005E5FAD /* TimerHelper.swift in Sources */,
				1A59E95D2C6C725B00D61FE0 /* NavigationView.swift in Sources */,
				1A59E9312C6C48B200D61FE0 /* CommunicationGameViewModel.swift in Sources */,
				F156BCD22C744B5600EB43C5 /* LottieView.swift in Sources */,
				1A59E9342C6C4A9400D61FE0 /* CommunicationGameView.swift in Sources */,
				44138A652C6B4F92005E5FAD /* EyeContactStageView.swift in Sources */,
				F156BCD62C744B8C00EB43C5 /* SoundModel.swift in Sources */,
				44138A332C6B4AEC005E5FAD /* TheSpecialKiwiApp.swift in Sources */,
				1A59E9582C6C720A00D61FE0 /* EyeModel.swift in Sources */,
			);
			runOnlyForDeploymentPostprocessing = 0;
		};
		44138A3D2C6B4AED005E5FAD /* Sources */ = {
			isa = PBXSourcesBuildPhase;
			buildActionMask = 2147483647;
			files = (
				44138A462C6B4AED005E5FAD /* TheSpecialKiwiTests.swift in Sources */,
			);
			runOnlyForDeploymentPostprocessing = 0;
		};
		44138A472C6B4AED005E5FAD /* Sources */ = {
			isa = PBXSourcesBuildPhase;
			buildActionMask = 2147483647;
			files = (
				44138A522C6B4AED005E5FAD /* TheSpecialKiwiUITestsLaunchTests.swift in Sources */,
				44138A502C6B4AED005E5FAD /* TheSpecialKiwiUITests.swift in Sources */,
			);
			runOnlyForDeploymentPostprocessing = 0;
		};
/* End PBXSourcesBuildPhase section */

/* Begin PBXTargetDependency section */
		44138A432C6B4AED005E5FAD /* PBXTargetDependency */ = {
			isa = PBXTargetDependency;
			target = 44138A2E2C6B4AEC005E5FAD /* TheSpecialKiwi */;
			targetProxy = 44138A422C6B4AED005E5FAD /* PBXContainerItemProxy */;
		};
		44138A4D2C6B4AED005E5FAD /* PBXTargetDependency */ = {
			isa = PBXTargetDependency;
			target = 44138A2E2C6B4AEC005E5FAD /* TheSpecialKiwi */;
			targetProxy = 44138A4C2C6B4AED005E5FAD /* PBXContainerItemProxy */;
		};
/* End PBXTargetDependency section */

/* Begin XCBuildConfiguration section */
		44138A532C6B4AED005E5FAD /* Debug */ = {
			isa = XCBuildConfiguration;
			buildSettings = {
				ALWAYS_SEARCH_USER_PATHS = NO;
				ASSETCATALOG_COMPILER_GENERATE_SWIFT_ASSET_SYMBOL_EXTENSIONS = YES;
				CLANG_ANALYZER_NONNULL = YES;
				CLANG_ANALYZER_NUMBER_OBJECT_CONVERSION = YES_AGGRESSIVE;
				CLANG_CXX_LANGUAGE_STANDARD = "gnu++20";
				CLANG_ENABLE_MODULES = YES;
				CLANG_ENABLE_OBJC_ARC = YES;
				CLANG_ENABLE_OBJC_WEAK = YES;
				CLANG_WARN_BLOCK_CAPTURE_AUTORELEASING = YES;
				CLANG_WARN_BOOL_CONVERSION = YES;
				CLANG_WARN_COMMA = YES;
				CLANG_WARN_CONSTANT_CONVERSION = YES;
				CLANG_WARN_DEPRECATED_OBJC_IMPLEMENTATIONS = YES;
				CLANG_WARN_DIRECT_OBJC_ISA_USAGE = YES_ERROR;
				CLANG_WARN_DOCUMENTATION_COMMENTS = YES;
				CLANG_WARN_EMPTY_BODY = YES;
				CLANG_WARN_ENUM_CONVERSION = YES;
				CLANG_WARN_INFINITE_RECURSION = YES;
				CLANG_WARN_INT_CONVERSION = YES;
				CLANG_WARN_NON_LITERAL_NULL_CONVERSION = YES;
				CLANG_WARN_OBJC_IMPLICIT_RETAIN_SELF = YES;
				CLANG_WARN_OBJC_LITERAL_CONVERSION = YES;
				CLANG_WARN_OBJC_ROOT_CLASS = YES_ERROR;
				CLANG_WARN_QUOTED_INCLUDE_IN_FRAMEWORK_HEADER = YES;
				CLANG_WARN_RANGE_LOOP_ANALYSIS = YES;
				CLANG_WARN_STRICT_PROTOTYPES = YES;
				CLANG_WARN_SUSPICIOUS_MOVE = YES;
				CLANG_WARN_UNGUARDED_AVAILABILITY = YES_AGGRESSIVE;
				CLANG_WARN_UNREACHABLE_CODE = YES;
				CLANG_WARN__DUPLICATE_METHOD_MATCH = YES;
				COPY_PHASE_STRIP = NO;
				DEBUG_INFORMATION_FORMAT = dwarf;
				ENABLE_STRICT_OBJC_MSGSEND = YES;
				ENABLE_TESTABILITY = YES;
				ENABLE_USER_SCRIPT_SANDBOXING = YES;
				GCC_C_LANGUAGE_STANDARD = gnu17;
				GCC_DYNAMIC_NO_PIC = NO;
				GCC_NO_COMMON_BLOCKS = YES;
				GCC_OPTIMIZATION_LEVEL = 0;
				GCC_PREPROCESSOR_DEFINITIONS = (
					"DEBUG=1",
					"$(inherited)",
				);
				GCC_WARN_64_TO_32_BIT_CONVERSION = YES;
				GCC_WARN_ABOUT_RETURN_TYPE = YES_ERROR;
				GCC_WARN_UNDECLARED_SELECTOR = YES;
				GCC_WARN_UNINITIALIZED_AUTOS = YES_AGGRESSIVE;
				GCC_WARN_UNUSED_FUNCTION = YES;
				GCC_WARN_UNUSED_VARIABLE = YES;
				IPHONEOS_DEPLOYMENT_TARGET = 17.4;
				LOCALIZATION_PREFERS_STRING_CATALOGS = YES;
				MTL_ENABLE_DEBUG_INFO = INCLUDE_SOURCE;
				MTL_FAST_MATH = YES;
				ONLY_ACTIVE_ARCH = YES;
				SDKROOT = iphoneos;
				SWIFT_ACTIVE_COMPILATION_CONDITIONS = "DEBUG $(inherited)";
				SWIFT_OPTIMIZATION_LEVEL = "-Onone";
			};
			name = Debug;
		};
		44138A542C6B4AED005E5FAD /* Release */ = {
			isa = XCBuildConfiguration;
			buildSettings = {
				ALWAYS_SEARCH_USER_PATHS = NO;
				ASSETCATALOG_COMPILER_GENERATE_SWIFT_ASSET_SYMBOL_EXTENSIONS = YES;
				CLANG_ANALYZER_NONNULL = YES;
				CLANG_ANALYZER_NUMBER_OBJECT_CONVERSION = YES_AGGRESSIVE;
				CLANG_CXX_LANGUAGE_STANDARD = "gnu++20";
				CLANG_ENABLE_MODULES = YES;
				CLANG_ENABLE_OBJC_ARC = YES;
				CLANG_ENABLE_OBJC_WEAK = YES;
				CLANG_WARN_BLOCK_CAPTURE_AUTORELEASING = YES;
				CLANG_WARN_BOOL_CONVERSION = YES;
				CLANG_WARN_COMMA = YES;
				CLANG_WARN_CONSTANT_CONVERSION = YES;
				CLANG_WARN_DEPRECATED_OBJC_IMPLEMENTATIONS = YES;
				CLANG_WARN_DIRECT_OBJC_ISA_USAGE = YES_ERROR;
				CLANG_WARN_DOCUMENTATION_COMMENTS = YES;
				CLANG_WARN_EMPTY_BODY = YES;
				CLANG_WARN_ENUM_CONVERSION = YES;
				CLANG_WARN_INFINITE_RECURSION = YES;
				CLANG_WARN_INT_CONVERSION = YES;
				CLANG_WARN_NON_LITERAL_NULL_CONVERSION = YES;
				CLANG_WARN_OBJC_IMPLICIT_RETAIN_SELF = YES;
				CLANG_WARN_OBJC_LITERAL_CONVERSION = YES;
				CLANG_WARN_OBJC_ROOT_CLASS = YES_ERROR;
				CLANG_WARN_QUOTED_INCLUDE_IN_FRAMEWORK_HEADER = YES;
				CLANG_WARN_RANGE_LOOP_ANALYSIS = YES;
				CLANG_WARN_STRICT_PROTOTYPES = YES;
				CLANG_WARN_SUSPICIOUS_MOVE = YES;
				CLANG_WARN_UNGUARDED_AVAILABILITY = YES_AGGRESSIVE;
				CLANG_WARN_UNREACHABLE_CODE = YES;
				CLANG_WARN__DUPLICATE_METHOD_MATCH = YES;
				COPY_PHASE_STRIP = NO;
				DEBUG_INFORMATION_FORMAT = "dwarf-with-dsym";
				ENABLE_NS_ASSERTIONS = NO;
				ENABLE_STRICT_OBJC_MSGSEND = YES;
				ENABLE_USER_SCRIPT_SANDBOXING = YES;
				GCC_C_LANGUAGE_STANDARD = gnu17;
				GCC_NO_COMMON_BLOCKS = YES;
				GCC_WARN_64_TO_32_BIT_CONVERSION = YES;
				GCC_WARN_ABOUT_RETURN_TYPE = YES_ERROR;
				GCC_WARN_UNDECLARED_SELECTOR = YES;
				GCC_WARN_UNINITIALIZED_AUTOS = YES_AGGRESSIVE;
				GCC_WARN_UNUSED_FUNCTION = YES;
				GCC_WARN_UNUSED_VARIABLE = YES;
				IPHONEOS_DEPLOYMENT_TARGET = 17.4;
				LOCALIZATION_PREFERS_STRING_CATALOGS = YES;
				MTL_ENABLE_DEBUG_INFO = NO;
				MTL_FAST_MATH = YES;
				SDKROOT = iphoneos;
				SWIFT_COMPILATION_MODE = wholemodule;
				VALIDATE_PRODUCT = YES;
			};
			name = Release;
		};
		44138A562C6B4AED005E5FAD /* Debug */ = {
			isa = XCBuildConfiguration;
			buildSettings = {
				ASSETCATALOG_COMPILER_APPICON_NAME = AppIcon;
				ASSETCATALOG_COMPILER_GLOBAL_ACCENT_COLOR_NAME = AccentColor;
				CODE_SIGN_STYLE = Automatic;
				CURRENT_PROJECT_VERSION = 1;
				DEVELOPMENT_ASSET_PATHS = "\"TheSpecialKiwi/Preview Content\"";
				DEVELOPMENT_TEAM = 9HR48NXTG8;
				ENABLE_PREVIEWS = YES;
				GENERATE_INFOPLIST_FILE = YES;
				INFOPLIST_FILE = TheSpecialKiwi/Info.plist;
				INFOPLIST_KEY_UIApplicationSceneManifest_Generation = YES;
				INFOPLIST_KEY_UIApplicationSupportsIndirectInputEvents = YES;
				INFOPLIST_KEY_UILaunchScreen_Generation = YES;
				INFOPLIST_KEY_UISupportedInterfaceOrientations = "UIInterfaceOrientationLandscapeLeft UIInterfaceOrientationLandscapeRight";
				LD_RUNPATH_SEARCH_PATHS = (
					"$(inherited)",
					"@executable_path/Frameworks",
				);
				MARKETING_VERSION = 1.0;
				PRODUCT_BUNDLE_IDENTIFIER = id.timluarbiasa.TheSpecialKiwi;
				PRODUCT_NAME = "$(TARGET_NAME)";
				SWIFT_EMIT_LOC_STRINGS = YES;
				SWIFT_VERSION = 5.0;
				TARGETED_DEVICE_FAMILY = "1,2";
			};
			name = Debug;
		};
		44138A572C6B4AED005E5FAD /* Release */ = {
			isa = XCBuildConfiguration;
			buildSettings = {
				ASSETCATALOG_COMPILER_APPICON_NAME = AppIcon;
				ASSETCATALOG_COMPILER_GLOBAL_ACCENT_COLOR_NAME = AccentColor;
				CODE_SIGN_STYLE = Automatic;
				CURRENT_PROJECT_VERSION = 1;
				DEVELOPMENT_ASSET_PATHS = "\"TheSpecialKiwi/Preview Content\"";
				DEVELOPMENT_TEAM = 9HR48NXTG8;
				ENABLE_PREVIEWS = YES;
				GENERATE_INFOPLIST_FILE = YES;
				INFOPLIST_FILE = TheSpecialKiwi/Info.plist;
				INFOPLIST_KEY_UIApplicationSceneManifest_Generation = YES;
				INFOPLIST_KEY_UIApplicationSupportsIndirectInputEvents = YES;
				INFOPLIST_KEY_UILaunchScreen_Generation = YES;
				INFOPLIST_KEY_UISupportedInterfaceOrientations = "UIInterfaceOrientationLandscapeLeft UIInterfaceOrientationLandscapeRight";
				LD_RUNPATH_SEARCH_PATHS = (
					"$(inherited)",
					"@executable_path/Frameworks",
				);
				MARKETING_VERSION = 1.0;
				PRODUCT_BUNDLE_IDENTIFIER = id.timluarbiasa.TheSpecialKiwi;
				PRODUCT_NAME = "$(TARGET_NAME)";
				SWIFT_EMIT_LOC_STRINGS = YES;
				SWIFT_VERSION = 5.0;
				TARGETED_DEVICE_FAMILY = "1,2";
			};
			name = Release;
		};
		44138A592C6B4AED005E5FAD /* Debug */ = {
			isa = XCBuildConfiguration;
			buildSettings = {
				ALWAYS_EMBED_SWIFT_STANDARD_LIBRARIES = YES;
				BUNDLE_LOADER = "$(TEST_HOST)";
				CODE_SIGN_STYLE = Automatic;
				CURRENT_PROJECT_VERSION = 1;
				DEVELOPMENT_TEAM = 87N548UZ24;
				GENERATE_INFOPLIST_FILE = YES;
				IPHONEOS_DEPLOYMENT_TARGET = 17.4;
				MARKETING_VERSION = 1.0;
				PRODUCT_BUNDLE_IDENTIFIER = id.timluarbiasa.TheSpecialKiwiTests;
				PRODUCT_NAME = "$(TARGET_NAME)";
				SWIFT_EMIT_LOC_STRINGS = NO;
				SWIFT_VERSION = 5.0;
				TARGETED_DEVICE_FAMILY = "1,2";
				TEST_HOST = "$(BUILT_PRODUCTS_DIR)/TheSpecialKiwi.app/$(BUNDLE_EXECUTABLE_FOLDER_PATH)/TheSpecialKiwi";
			};
			name = Debug;
		};
		44138A5A2C6B4AED005E5FAD /* Release */ = {
			isa = XCBuildConfiguration;
			buildSettings = {
				ALWAYS_EMBED_SWIFT_STANDARD_LIBRARIES = YES;
				BUNDLE_LOADER = "$(TEST_HOST)";
				CODE_SIGN_STYLE = Automatic;
				CURRENT_PROJECT_VERSION = 1;
				DEVELOPMENT_TEAM = 87N548UZ24;
				GENERATE_INFOPLIST_FILE = YES;
				IPHONEOS_DEPLOYMENT_TARGET = 17.4;
				MARKETING_VERSION = 1.0;
				PRODUCT_BUNDLE_IDENTIFIER = id.timluarbiasa.TheSpecialKiwiTests;
				PRODUCT_NAME = "$(TARGET_NAME)";
				SWIFT_EMIT_LOC_STRINGS = NO;
				SWIFT_VERSION = 5.0;
				TARGETED_DEVICE_FAMILY = "1,2";
				TEST_HOST = "$(BUILT_PRODUCTS_DIR)/TheSpecialKiwi.app/$(BUNDLE_EXECUTABLE_FOLDER_PATH)/TheSpecialKiwi";
			};
			name = Release;
		};
		44138A5C2C6B4AED005E5FAD /* Debug */ = {
			isa = XCBuildConfiguration;
			buildSettings = {
				ALWAYS_EMBED_SWIFT_STANDARD_LIBRARIES = YES;
				CODE_SIGN_STYLE = Automatic;
				CURRENT_PROJECT_VERSION = 1;
				DEVELOPMENT_TEAM = 87N548UZ24;
				GENERATE_INFOPLIST_FILE = YES;
				MARKETING_VERSION = 1.0;
				PRODUCT_BUNDLE_IDENTIFIER = id.timluarbiasa.TheSpecialKiwiUITests;
				PRODUCT_NAME = "$(TARGET_NAME)";
				SWIFT_EMIT_LOC_STRINGS = NO;
				SWIFT_VERSION = 5.0;
				TARGETED_DEVICE_FAMILY = "1,2";
				TEST_TARGET_NAME = TheSpecialKiwi;
			};
			name = Debug;
		};
		44138A5D2C6B4AED005E5FAD /* Release */ = {
			isa = XCBuildConfiguration;
			buildSettings = {
				ALWAYS_EMBED_SWIFT_STANDARD_LIBRARIES = YES;
				CODE_SIGN_STYLE = Automatic;
				CURRENT_PROJECT_VERSION = 1;
				DEVELOPMENT_TEAM = 87N548UZ24;
				GENERATE_INFOPLIST_FILE = YES;
				MARKETING_VERSION = 1.0;
				PRODUCT_BUNDLE_IDENTIFIER = id.timluarbiasa.TheSpecialKiwiUITests;
				PRODUCT_NAME = "$(TARGET_NAME)";
				SWIFT_EMIT_LOC_STRINGS = NO;
				SWIFT_VERSION = 5.0;
				TARGETED_DEVICE_FAMILY = "1,2";
				TEST_TARGET_NAME = TheSpecialKiwi;
			};
			name = Release;
		};
/* End XCBuildConfiguration section */

/* Begin XCConfigurationList section */
		44138A2A2C6B4AEC005E5FAD /* Build configuration list for PBXProject "TheSpecialKiwi" */ = {
			isa = XCConfigurationList;
			buildConfigurations = (
				44138A532C6B4AED005E5FAD /* Debug */,
				44138A542C6B4AED005E5FAD /* Release */,
			);
			defaultConfigurationIsVisible = 0;
			defaultConfigurationName = Release;
		};
		44138A552C6B4AED005E5FAD /* Build configuration list for PBXNativeTarget "TheSpecialKiwi" */ = {
			isa = XCConfigurationList;
			buildConfigurations = (
				44138A562C6B4AED005E5FAD /* Debug */,
				44138A572C6B4AED005E5FAD /* Release */,
			);
			defaultConfigurationIsVisible = 0;
			defaultConfigurationName = Release;
		};
		44138A582C6B4AED005E5FAD /* Build configuration list for PBXNativeTarget "TheSpecialKiwiTests" */ = {
			isa = XCConfigurationList;
			buildConfigurations = (
				44138A592C6B4AED005E5FAD /* Debug */,
				44138A5A2C6B4AED005E5FAD /* Release */,
			);
			defaultConfigurationIsVisible = 0;
			defaultConfigurationName = Release;
		};
		44138A5B2C6B4AED005E5FAD /* Build configuration list for PBXNativeTarget "TheSpecialKiwiUITests" */ = {
			isa = XCConfigurationList;
			buildConfigurations = (
				44138A5C2C6B4AED005E5FAD /* Debug */,
				44138A5D2C6B4AED005E5FAD /* Release */,
			);
			defaultConfigurationIsVisible = 0;
			defaultConfigurationName = Release;
		};
/* End XCConfigurationList section */

/* Begin XCRemoteSwiftPackageReference section */
		EF78F1332C6DBD2B008867EF /* XCRemoteSwiftPackageReference "SDWebImageSwiftUI" */ = {
			isa = XCRemoteSwiftPackageReference;
			repositoryURL = "https://github.com/SDWebImage/SDWebImageSwiftUI.git";
			requirement = {
				kind = upToNextMajorVersion;
				minimumVersion = 3.1.1;
			};
		};
		EF78F1362C6DBD91008867EF /* XCRemoteSwiftPackageReference "SDWebImageLottieCoder" */ = {
			isa = XCRemoteSwiftPackageReference;
			repositoryURL = "https://github.com/SDWebImage/SDWebImageLottieCoder";
			requirement = {
				kind = upToNextMajorVersion;
				minimumVersion = 0.2.0;
			};
		};
		F156BCD72C744BAD00EB43C5 /* XCRemoteSwiftPackageReference "lottie-ios" */ = {
			isa = XCRemoteSwiftPackageReference;
			repositoryURL = "https://github.com/airbnb/lottie-ios";
			requirement = {
				kind = upToNextMajorVersion;
				minimumVersion = 4.5.0;
			};
		};
/* End XCRemoteSwiftPackageReference section */

/* Begin XCSwiftPackageProductDependency section */
		EF78F1712C737DA2008867EF /* SDWebImageLottieCoder */ = {
			isa = XCSwiftPackageProductDependency;
			package = EF78F1362C6DBD91008867EF /* XCRemoteSwiftPackageReference "SDWebImageLottieCoder" */;
			productName = SDWebImageLottieCoder;
		};
		EF78F1732C737DB3008867EF /* SDWebImageSwiftUI */ = {
			isa = XCSwiftPackageProductDependency;
			package = EF78F1332C6DBD2B008867EF /* XCRemoteSwiftPackageReference "SDWebImageSwiftUI" */;
			productName = SDWebImageSwiftUI;
		};
		F156BCD82C744BAD00EB43C5 /* Lottie */ = {
			isa = XCSwiftPackageProductDependency;
			package = F156BCD72C744BAD00EB43C5 /* XCRemoteSwiftPackageReference "lottie-ios" */;
			productName = Lottie;
		};
/* End XCSwiftPackageProductDependency section */
	};
	rootObject = 44138A272C6B4AEC005E5FAD /* Project object */;
}
